// !$*UTF8*$!
{
	archiveVersion = 1;
	classes = {
	};
	objectVersion = 48;
	objects = {

/* Begin PBXBuildFile section */
		A3020F5D1F9BCE1600A57A5C /* ExercisesCardioTableViewCell.swift in Sources */ = {isa = PBXBuildFile; fileRef = A3020F5C1F9BCE1600A57A5C /* ExercisesCardioTableViewCell.swift */; };
		A3034F961F9BDA57004D83C4 /* DetailsCardioTableViewCell.swift in Sources */ = {isa = PBXBuildFile; fileRef = A3034F951F9BDA57004D83C4 /* DetailsCardioTableViewCell.swift */; };
		A308E26321F79AB9001D2FE8 /* UpdateTabBarPositionAction.swift in Sources */ = {isa = PBXBuildFile; fileRef = A308E26221F79AB9001D2FE8 /* UpdateTabBarPositionAction.swift */; };
		A308E26621F79B87001D2FE8 /* NRConstants.swift in Sources */ = {isa = PBXBuildFile; fileRef = A308E26521F79B87001D2FE8 /* NRConstants.swift */; };
		A308E26921F79BBC001D2FE8 /* UIColor+Extension.swift in Sources */ = {isa = PBXBuildFile; fileRef = A308E26821F79BBC001D2FE8 /* UIColor+Extension.swift */; };
		A31715C61F9A7359005D420F /* TimerViewController.swift in Sources */ = {isa = PBXBuildFile; fileRef = A31715C51F9A7359005D420F /* TimerViewController.swift */; };
		A31715C81F9A7662005D420F /* TimerController.swift in Sources */ = {isa = PBXBuildFile; fileRef = A31715C71F9A7662005D420F /* TimerController.swift */; };
		A31BFC8B21F66644003214C2 /* AppState.swift in Sources */ = {isa = PBXBuildFile; fileRef = A31BFC8A21F66644003214C2 /* AppState.swift */; };
		A31BFC8E21F66684003214C2 /* AppReducer.swift in Sources */ = {isa = PBXBuildFile; fileRef = A31BFC8D21F66684003214C2 /* AppReducer.swift */; };
		A31BFC9221F667CF003214C2 /* AppCoordinator.swift in Sources */ = {isa = PBXBuildFile; fileRef = A31BFC9121F667CF003214C2 /* AppCoordinator.swift */; };
		A31BFC9421F667F9003214C2 /* AppCoordinatorSubscriber.swift in Sources */ = {isa = PBXBuildFile; fileRef = A31BFC9321F667F9003214C2 /* AppCoordinatorSubscriber.swift */; };
		A31BFC9621F66831003214C2 /* InvalidateRoutingAction.swift in Sources */ = {isa = PBXBuildFile; fileRef = A31BFC9521F66831003214C2 /* InvalidateRoutingAction.swift */; };
		A31BFC9821F6684D003214C2 /* NavigationReducer.swift in Sources */ = {isa = PBXBuildFile; fileRef = A31BFC9721F6684D003214C2 /* NavigationReducer.swift */; };
		A31BFC9A21F66865003214C2 /* NavigationState.swift in Sources */ = {isa = PBXBuildFile; fileRef = A31BFC9921F66865003214C2 /* NavigationState.swift */; };
		A31BFC9C21F66883003214C2 /* RouteAction.swift in Sources */ = {isa = PBXBuildFile; fileRef = A31BFC9B21F66883003214C2 /* RouteAction.swift */; };
		A31BFCA021F668BE003214C2 /* ViewBuilder.swift in Sources */ = {isa = PBXBuildFile; fileRef = A31BFC9F21F668BE003214C2 /* ViewBuilder.swift */; };
		A31BFCA321F66C53003214C2 /* DefaultNavigationController.swift in Sources */ = {isa = PBXBuildFile; fileRef = A31BFCA221F66C53003214C2 /* DefaultNavigationController.swift */; };
		A320B9182201B96900FFFA40 /* SettingsTableViewDataSource.swift in Sources */ = {isa = PBXBuildFile; fileRef = A320B9172201B96900FFFA40 /* SettingsTableViewDataSource.swift */; };
		A320B91A2201B9A100FFFA40 /* SettingsTableViewDelegate.swift in Sources */ = {isa = PBXBuildFile; fileRef = A320B9192201B9A100FFFA40 /* SettingsTableViewDelegate.swift */; };
		A320B91E2201CC3E00FFFA40 /* SettingsUnitTableViewCell.swift in Sources */ = {isa = PBXBuildFile; fileRef = A320B91D2201CC3E00FFFA40 /* SettingsUnitTableViewCell.swift */; };
		A320B9202201CC4D00FFFA40 /* SettingsTimerTableViewCell.swift in Sources */ = {isa = PBXBuildFile; fileRef = A320B91F2201CC4D00FFFA40 /* SettingsTimerTableViewCell.swift */; };
		A320B9222201CC5B00FFFA40 /* SettingsYourDataTableViewCell.swift in Sources */ = {isa = PBXBuildFile; fileRef = A320B9212201CC5B00FFFA40 /* SettingsYourDataTableViewCell.swift */; };
		A32DD1681F90F0D2009D13CE /* CaviarDreams_BoldItalic.ttf in Resources */ = {isa = PBXBuildFile; fileRef = A32DD1641F90F0D1009D13CE /* CaviarDreams_BoldItalic.ttf */; };
		A32DD1691F90F0D2009D13CE /* CaviarDreams.ttf in Resources */ = {isa = PBXBuildFile; fileRef = A32DD1651F90F0D1009D13CE /* CaviarDreams.ttf */; };
		A32DD16A1F90F0D2009D13CE /* CaviarDreams_Bold.ttf in Resources */ = {isa = PBXBuildFile; fileRef = A32DD1661F90F0D1009D13CE /* CaviarDreams_Bold.ttf */; };
		A32DD16B1F90F0D2009D13CE /* CaviarDreams_Italic.ttf in Resources */ = {isa = PBXBuildFile; fileRef = A32DD1671F90F0D2009D13CE /* CaviarDreams_Italic.ttf */; };
		A32DD16E1F90F3CF009D13CE /* ViewController+Extension.swift in Sources */ = {isa = PBXBuildFile; fileRef = A32DD16D1F90F3CF009D13CE /* ViewController+Extension.swift */; };
		A32DD1741F90FC23009D13CE /* UserData.swift in Sources */ = {isa = PBXBuildFile; fileRef = A32DD1731F90FC23009D13CE /* UserData.swift */; };
		A33F855A220324D900E971E7 /* LicensesViewController.swift in Sources */ = {isa = PBXBuildFile; fileRef = A33F8559220324D900E971E7 /* LicensesViewController.swift */; };
		A34B8DF21FA2175D00E62356 /* timerSound.wav in Resources */ = {isa = PBXBuildFile; fileRef = A34B8DF11FA2175D00E62356 /* timerSound.wav */; };
		A35027221F9B664C00E2F4B0 /* StatisticsControllerOld.swift in Sources */ = {isa = PBXBuildFile; fileRef = A35027211F9B664C00E2F4B0 /* StatisticsControllerOld.swift */; };
		A35027241F9B667400E2F4B0 /* MuscleStatisticViewController.swift in Sources */ = {isa = PBXBuildFile; fileRef = A35027231F9B667400E2F4B0 /* MuscleStatisticViewController.swift */; };
		A35027261F9B668A00E2F4B0 /* MuscleStatisticCollectionViewCell.swift in Sources */ = {isa = PBXBuildFile; fileRef = A35027251F9B668A00E2F4B0 /* MuscleStatisticCollectionViewCell.swift */; };
		A35027281F9B66A600E2F4B0 /* MuscleStatisticDataSource.swift in Sources */ = {isa = PBXBuildFile; fileRef = A35027271F9B66A600E2F4B0 /* MuscleStatisticDataSource.swift */; };
		A350272A1F9B66C100E2F4B0 /* MuscleStatisticDelegateFlowLayout.swift in Sources */ = {isa = PBXBuildFile; fileRef = A35027291F9B66C100E2F4B0 /* MuscleStatisticDelegateFlowLayout.swift */; };
		A350272C1F9B689A00E2F4B0 /* ExerciseStatisticViewController.swift in Sources */ = {isa = PBXBuildFile; fileRef = A350272B1F9B689A00E2F4B0 /* ExerciseStatisticViewController.swift */; };
		A35127D0220454B9007D024F /* SettingsSubscriber.swift in Sources */ = {isa = PBXBuildFile; fileRef = A35127CF220454B9007D024F /* SettingsSubscriber.swift */; };
		A35127D22204558B007D024F /* ResetDataAction.swift in Sources */ = {isa = PBXBuildFile; fileRef = A35127D12204558B007D024F /* ResetDataAction.swift */; };
		A35127D4220455BC007D024F /* SettingsReducer.swift in Sources */ = {isa = PBXBuildFile; fileRef = A35127D3220455BC007D024F /* SettingsReducer.swift */; };
		A35127D62204560D007D024F /* SettingsState.swift in Sources */ = {isa = PBXBuildFile; fileRef = A35127D52204560D007D024F /* SettingsState.swift */; };
		A35127D822047536007D024F /* FileManager.swift in Sources */ = {isa = PBXBuildFile; fileRef = A35127D722047536007D024F /* FileManager.swift */; };
		A353A5B81F9158D1006B9E2C /* MyWorkoutTableViewCell.swift in Sources */ = {isa = PBXBuildFile; fileRef = A353A5B71F9158D1006B9E2C /* MyWorkoutTableViewCell.swift */; };
		A353A5BA1F91595F006B9E2C /* MyWorkoutTableViewController.swift in Sources */ = {isa = PBXBuildFile; fileRef = A353A5B91F91595F006B9E2C /* MyWorkoutTableViewController.swift */; };
		A353A5BC1F915B24006B9E2C /* MyWorkoutDelegate.swift in Sources */ = {isa = PBXBuildFile; fileRef = A353A5BB1F915B24006B9E2C /* MyWorkoutDelegate.swift */; };
		A353A5BE1F915B36006B9E2C /* MyWorkoutDataSource.swift in Sources */ = {isa = PBXBuildFile; fileRef = A353A5BD1F915B36006B9E2C /* MyWorkoutDataSource.swift */; };
		A353A5C11F915BA4006B9E2C /* MyWorkoutController.swift in Sources */ = {isa = PBXBuildFile; fileRef = A353A5C01F915BA4006B9E2C /* MyWorkoutController.swift */; };
		A355C48C1F9B9AB500F2350B /* ExerciseStatisticCategoryCollectionViewCell.swift in Sources */ = {isa = PBXBuildFile; fileRef = A355C48B1F9B9AB500F2350B /* ExerciseStatisticCategoryCollectionViewCell.swift */; };
		A355C48E1F9B9AE000F2350B /* ExerciseStatisticCategoryDataSource.swift in Sources */ = {isa = PBXBuildFile; fileRef = A355C48D1F9B9AE000F2350B /* ExerciseStatisticCategoryDataSource.swift */; };
		A355C4901F9B9B0300F2350B /* ExerciseStatisticCategoryDelegateFlowLayout.swift in Sources */ = {isa = PBXBuildFile; fileRef = A355C48F1F9B9B0300F2350B /* ExerciseStatisticCategoryDelegateFlowLayout.swift */; };
		A355C4921F9B9B1C00F2350B /* ExerciseStatisticExerciseDelegateFlowLayout.swift in Sources */ = {isa = PBXBuildFile; fileRef = A355C4911F9B9B1C00F2350B /* ExerciseStatisticExerciseDelegateFlowLayout.swift */; };
		A355C4941F9B9B2F00F2350B /* ExerciseStatisticExerciseDataSource.swift in Sources */ = {isa = PBXBuildFile; fileRef = A355C4931F9B9B2F00F2350B /* ExerciseStatisticExerciseDataSource.swift */; };
		A355C4961F9B9B4900F2350B /* ExerciseStatisticExerciseCollectionViewCell.swift in Sources */ = {isa = PBXBuildFile; fileRef = A355C4951F9B9B4900F2350B /* ExerciseStatisticExerciseCollectionViewCell.swift */; };
		A35789781F97D8BF00F18FB3 /* CurrentWorkoutCollectionViewCell.swift in Sources */ = {isa = PBXBuildFile; fileRef = A35789771F97D8BF00F18FB3 /* CurrentWorkoutCollectionViewCell.swift */; };
		A357897A1F97DA2F00F18FB3 /* CurrentWorkoutDataSource.swift in Sources */ = {isa = PBXBuildFile; fileRef = A35789791F97DA2F00F18FB3 /* CurrentWorkoutDataSource.swift */; };
		A35AA6A122116CB100A6CD10 /* MainStatisticsViewController.swift in Sources */ = {isa = PBXBuildFile; fileRef = A35AA6A022116CB100A6CD10 /* MainStatisticsViewController.swift */; };
		A35AA6A322116DEC00A6CD10 /* MainStatisticsCollectionViewDataSource.swift in Sources */ = {isa = PBXBuildFile; fileRef = A35AA6A222116DEC00A6CD10 /* MainStatisticsCollectionViewDataSource.swift */; };
		A35AA6A522116E0200A6CD10 /* MainStatisticsCollectionViewDelegate.swift in Sources */ = {isa = PBXBuildFile; fileRef = A35AA6A422116E0200A6CD10 /* MainStatisticsCollectionViewDelegate.swift */; };
		A35AA6A722116F3500A6CD10 /* StatisticsGeneralCollectionViewCell.swift in Sources */ = {isa = PBXBuildFile; fileRef = A35AA6A622116F3500A6CD10 /* StatisticsGeneralCollectionViewCell.swift */; };
		A35AA6A922116F4000A6CD10 /* StatisticsExerciseCollectionViewCell.swift in Sources */ = {isa = PBXBuildFile; fileRef = A35AA6A822116F4000A6CD10 /* StatisticsExerciseCollectionViewCell.swift */; };
		A35AA6AB2211857900A6CD10 /* StatisticsStatsCollectionViewCell.swift in Sources */ = {isa = PBXBuildFile; fileRef = A35AA6AA2211857900A6CD10 /* StatisticsStatsCollectionViewCell.swift */; };
		A35AA6AD2211877E00A6CD10 /* StatisticsStatsCollectionViewDataSource.swift in Sources */ = {isa = PBXBuildFile; fileRef = A35AA6AC2211877E00A6CD10 /* StatisticsStatsCollectionViewDataSource.swift */; };
		A35AA6AF221187A900A6CD10 /* StatisticsStatsCollectionViewDelegate.swift in Sources */ = {isa = PBXBuildFile; fileRef = A35AA6AE221187A900A6CD10 /* StatisticsStatsCollectionViewDelegate.swift */; };
		A35AA6B1221187D500A6CD10 /* StatisticsController.swift in Sources */ = {isa = PBXBuildFile; fileRef = A35AA6B0221187D500A6CD10 /* StatisticsController.swift */; };
		A35F8AFC21FC6FC700062800 /* ExercisesCollectionViewController.swift in Sources */ = {isa = PBXBuildFile; fileRef = A35F8AFB21FC6FC700062800 /* ExercisesCollectionViewController.swift */; };
		A35F8AFE21FC6FE200062800 /* ExercisesCollectionViewDataSource.swift in Sources */ = {isa = PBXBuildFile; fileRef = A35F8AFD21FC6FE200062800 /* ExercisesCollectionViewDataSource.swift */; };
		A35F8B0021FC6FF900062800 /* ExercisesCollectionViewDelegate.swift in Sources */ = {isa = PBXBuildFile; fileRef = A35F8AFF21FC6FF900062800 /* ExercisesCollectionViewDelegate.swift */; };
		A35F8B0221FC700800062800 /* ExercisesCollectionViewCell.swift in Sources */ = {isa = PBXBuildFile; fileRef = A35F8B0121FC700800062800 /* ExercisesCollectionViewCell.swift */; };
		A37EE6D41F91626B003F6B6B /* EditMyWorkoutViewController.swift in Sources */ = {isa = PBXBuildFile; fileRef = A37EE6D31F91626B003F6B6B /* EditMyWorkoutViewController.swift */; };
		A37EE6D61F916651003F6B6B /* MyWorkoutExercisesTableViewCell.swift in Sources */ = {isa = PBXBuildFile; fileRef = A37EE6D51F916651003F6B6B /* MyWorkoutExercisesTableViewCell.swift */; };
		A37EE6D81F916709003F6B6B /* EditMyWorkoutDelegate.swift in Sources */ = {isa = PBXBuildFile; fileRef = A37EE6D71F916709003F6B6B /* EditMyWorkoutDelegate.swift */; };
		A37EE6DA1F91671B003F6B6B /* EditMyWorkoutDataSource.swift in Sources */ = {isa = PBXBuildFile; fileRef = A37EE6D91F91671B003F6B6B /* EditMyWorkoutDataSource.swift */; };
		A38266E91F93E70300646603 /* RearrangingDelegate.swift in Sources */ = {isa = PBXBuildFile; fileRef = A38266E81F93E70300646603 /* RearrangingDelegate.swift */; };
		A38266EB1F93E85800646603 /* DetailsDataSource.swift in Sources */ = {isa = PBXBuildFile; fileRef = A38266EA1F93E85800646603 /* DetailsDataSource.swift */; };
		A38266EF1F93E9B000646603 /* DetailsViewController.swift in Sources */ = {isa = PBXBuildFile; fileRef = A38266EE1F93E9B000646603 /* DetailsViewController.swift */; };
		A38266F61F93F60C00646603 /* DetailsTableViewCell.swift in Sources */ = {isa = PBXBuildFile; fileRef = A38266F51F93F60C00646603 /* DetailsTableViewCell.swift */; };
		A38266F81F93F75E00646603 /* DetailsDelegate.swift in Sources */ = {isa = PBXBuildFile; fileRef = A38266F71F93F75E00646603 /* DetailsDelegate.swift */; };
		A3881C9B1F993311000601AD /* NotesExplanationViewController.swift in Sources */ = {isa = PBXBuildFile; fileRef = A3881C9A1F993311000601AD /* NotesExplanationViewController.swift */; };
		A391ADE321FB94C0002A7D04 /* ExercisesCategoryCollectionViewController.swift in Sources */ = {isa = PBXBuildFile; fileRef = A391ADE221FB94C0002A7D04 /* ExercisesCategoryCollectionViewController.swift */; };
		A391ADE521FB94E4002A7D04 /* ExercisesCategoryCollectionViewDelegate.swift in Sources */ = {isa = PBXBuildFile; fileRef = A391ADE421FB94E4002A7D04 /* ExercisesCategoryCollectionViewDelegate.swift */; };
		A391ADE721FB94F9002A7D04 /* ExercisesCategoryCollectionViewDataSource.swift in Sources */ = {isa = PBXBuildFile; fileRef = A391ADE621FB94F9002A7D04 /* ExercisesCategoryCollectionViewDataSource.swift */; };
		A391ADE921FB95B5002A7D04 /* ExercisesCategoryCollectionViewCell.swift in Sources */ = {isa = PBXBuildFile; fileRef = A391ADE821FB95B5002A7D04 /* ExercisesCategoryCollectionViewCell.swift */; };
		A391ADEB21FBA42D002A7D04 /* UIView+Extension.swift in Sources */ = {isa = PBXBuildFile; fileRef = A391ADEA21FBA42D002A7D04 /* UIView+Extension.swift */; };
		A391ADEE21FBA948002A7D04 /* NRButton.swift in Sources */ = {isa = PBXBuildFile; fileRef = A391ADED21FBA948002A7D04 /* NRButton.swift */; };
		A392B7FB220C597A0030FBD4 /* EditExerciseViewController.swift in Sources */ = {isa = PBXBuildFile; fileRef = A392B7FA220C597A0030FBD4 /* EditExerciseViewController.swift */; };
		A392B7FD220C599B0030FBD4 /* EditExerciseSubscriber.swift in Sources */ = {isa = PBXBuildFile; fileRef = A392B7FC220C599B0030FBD4 /* EditExerciseSubscriber.swift */; };
		A392B7FF220C59F50030FBD4 /* EditExerciseState.swift in Sources */ = {isa = PBXBuildFile; fileRef = A392B7FE220C59F50030FBD4 /* EditExerciseState.swift */; };
		A392B801220C5A510030FBD4 /* EditExerciseReducer.swift in Sources */ = {isa = PBXBuildFile; fileRef = A392B800220C5A510030FBD4 /* EditExerciseReducer.swift */; };
		A392B803220C5AF00030FBD4 /* EditExerciseAction.swift in Sources */ = {isa = PBXBuildFile; fileRef = A392B802220C5AF00030FBD4 /* EditExerciseAction.swift */; };
		A392B805220C6CCB0030FBD4 /* ExerciseController.swift in Sources */ = {isa = PBXBuildFile; fileRef = A392B804220C6CCB0030FBD4 /* ExerciseController.swift */; };
		A39AB52E1F93AAA6000B6DBF /* MyWorkoutRearrangingTableViewController.swift in Sources */ = {isa = PBXBuildFile; fileRef = A39AB52D1F93AAA6000B6DBF /* MyWorkoutRearrangingTableViewController.swift */; };
		A39AB5301F93AAD0000B6DBF /* RearrangingDataSource.swift in Sources */ = {isa = PBXBuildFile; fileRef = A39AB52F1F93AAD0000B6DBF /* RearrangingDataSource.swift */; };
		A39AB5321F93AADF000B6DBF /* RearrangingTableViewCell.swift in Sources */ = {isa = PBXBuildFile; fileRef = A39AB5311F93AADF000B6DBF /* RearrangingTableViewCell.swift */; };
		A39C2A191F913B1400AFF8C6 /* DefaultExercises.swift in Sources */ = {isa = PBXBuildFile; fileRef = A39C2A181F913B1400AFF8C6 /* DefaultExercises.swift */; };
		A39C2A1B1F91452400AFF8C6 /* EditController.swift in Sources */ = {isa = PBXBuildFile; fileRef = A39C2A1A1F91452400AFF8C6 /* EditController.swift */; };
		A3A09C141F91002C00CD01AF /* MyWorkout.swift in Sources */ = {isa = PBXBuildFile; fileRef = A3A09C131F91002C00CD01AF /* MyWorkout.swift */; };
		A3A09C161F91003400CD01AF /* Exercise.swift in Sources */ = {isa = PBXBuildFile; fileRef = A3A09C151F91003400CD01AF /* Exercise.swift */; };
		A3A09C1A1F9105FB00CD01AF /* SettingsController.swift in Sources */ = {isa = PBXBuildFile; fileRef = A3A09C191F9105FB00CD01AF /* SettingsController.swift */; };
		A3A09C1F1F9111F900CD01AF /* CategoryViewController.swift in Sources */ = {isa = PBXBuildFile; fileRef = A3A09C1E1F9111F900CD01AF /* CategoryViewController.swift */; };
		A3A09C221F91139100CD01AF /* ExercisesTableViewController.swift in Sources */ = {isa = PBXBuildFile; fileRef = A3A09C211F91139100CD01AF /* ExercisesTableViewController.swift */; };
		A3A09C241F91185800CD01AF /* ExercisesTableViewCell.swift in Sources */ = {isa = PBXBuildFile; fileRef = A3A09C231F91185800CD01AF /* ExercisesTableViewCell.swift */; };
		A3A09C261F91347600CD01AF /* ExercisesDelegate.swift in Sources */ = {isa = PBXBuildFile; fileRef = A3A09C251F91347600CD01AF /* ExercisesDelegate.swift */; };
		A3A09C281F91348B00CD01AF /* ExercisesDataSource.swift in Sources */ = {isa = PBXBuildFile; fileRef = A3A09C271F91348B00CD01AF /* ExercisesDataSource.swift */; };
		A3A09C2B1F9134F800CD01AF /* ExercisesController.swift in Sources */ = {isa = PBXBuildFile; fileRef = A3A09C2A1F9134F800CD01AF /* ExercisesController.swift */; };
		A3A09C2F1F91388900CD01AF /* EditExerciseTableViewController.swift in Sources */ = {isa = PBXBuildFile; fileRef = A3A09C2E1F91388900CD01AF /* EditExerciseTableViewController.swift */; };
		A3AC807821FDF6A0000DE1EF /* SelectedCategoryAction.swift in Sources */ = {isa = PBXBuildFile; fileRef = A3AC807721FDF6A0000DE1EF /* SelectedCategoryAction.swift */; };
		A3AC807A21FDF79C000DE1EF /* ExercisesState.swift in Sources */ = {isa = PBXBuildFile; fileRef = A3AC807921FDF79C000DE1EF /* ExercisesState.swift */; };
		A3AC807C21FDF7D6000DE1EF /* ExercisesReducer.swift in Sources */ = {isa = PBXBuildFile; fileRef = A3AC807B21FDF7D6000DE1EF /* ExercisesReducer.swift */; };
		A3AC807E21FDF8A4000DE1EF /* ExercisesSubscriber.swift in Sources */ = {isa = PBXBuildFile; fileRef = A3AC807D21FDF8A4000DE1EF /* ExercisesSubscriber.swift */; };
		A3AE4A1D21F74CCE007A97AB /* LoggingMiddleware.swift in Sources */ = {isa = PBXBuildFile; fileRef = A3AE4A1C21F74CCE007A97AB /* LoggingMiddleware.swift */; };
		A3AE4A1F21F74D61007A97AB /* RouteDestination.swift in Sources */ = {isa = PBXBuildFile; fileRef = A3AE4A1E21F74D61007A97AB /* RouteDestination.swift */; };
		A3AE4A2221F74E0C007A97AB /* MainTabBarController.swift in Sources */ = {isa = PBXBuildFile; fileRef = A3AE4A2121F74E0C007A97AB /* MainTabBarController.swift */; };
		A3AE4A2421F74E2A007A97AB /* TabBarDestination.swift in Sources */ = {isa = PBXBuildFile; fileRef = A3AE4A2321F74E2A007A97AB /* TabBarDestination.swift */; };
		A3AE4A2721F74EF3007A97AB /* LoggingProxy.swift in Sources */ = {isa = PBXBuildFile; fileRef = A3AE4A2621F74EF3007A97AB /* LoggingProxy.swift */; };
		A3AE4A2921F74F32007A97AB /* LogginConfiguration.swift in Sources */ = {isa = PBXBuildFile; fileRef = A3AE4A2821F74F32007A97AB /* LogginConfiguration.swift */; };
		A3AE4A2C21F75004007A97AB /* EmojiModifier.swift in Sources */ = {isa = PBXBuildFile; fileRef = A3AE4A2B21F75004007A97AB /* EmojiModifier.swift */; };
		A3B3E9F41F98DEDC00CCC3CC /* CurrentWorkoutController.swift in Sources */ = {isa = PBXBuildFile; fileRef = A3B3E9F31F98DEDC00CCC3CC /* CurrentWorkoutController.swift */; };
		A3BC597B1F9236880050CD6D /* MyWorkoutHistoryTableViewController.swift in Sources */ = {isa = PBXBuildFile; fileRef = A3BC597A1F9236880050CD6D /* MyWorkoutHistoryTableViewController.swift */; };
		A3BC597D1F9236AB0050CD6D /* MyWorkoutHistoryTableViewCell.swift in Sources */ = {isa = PBXBuildFile; fileRef = A3BC597C1F9236AB0050CD6D /* MyWorkoutHistoryTableViewCell.swift */; };
		A3BC597F1F9237870050CD6D /* MyWorkoutHistoryDelegate.swift in Sources */ = {isa = PBXBuildFile; fileRef = A3BC597E1F9237870050CD6D /* MyWorkoutHistoryDelegate.swift */; };
		A3BC59811F9237970050CD6D /* MyWorkoutHistoryDataSource.swift in Sources */ = {isa = PBXBuildFile; fileRef = A3BC59801F9237970050CD6D /* MyWorkoutHistoryDataSource.swift */; };
		A3BC59831F9239DC0050CD6D /* MyWorkoutHistoryController.swift in Sources */ = {isa = PBXBuildFile; fileRef = A3BC59821F9239DC0050CD6D /* MyWorkoutHistoryController.swift */; };
		A3C08EFE1F9C91910070DB11 /* CurrentWorkoutCardioCollectionViewCell.swift in Sources */ = {isa = PBXBuildFile; fileRef = A3C08EFD1F9C91910070DB11 /* CurrentWorkoutCardioCollectionViewCell.swift */; };
		A3C38EA41F991E9C00B35D5E /* CurrentWorkoutViewController.swift in Sources */ = {isa = PBXBuildFile; fileRef = A3C38EA31F991E9C00B35D5E /* CurrentWorkoutViewController.swift */; };
		A3C38EA61F99248D00B35D5E /* CurrentWorkoutDelegateFlowLayout.swift in Sources */ = {isa = PBXBuildFile; fileRef = A3C38EA51F99248D00B35D5E /* CurrentWorkoutDelegateFlowLayout.swift */; };
		A3C9D59A2207277A00401E08 /* NRLabel.swift in Sources */ = {isa = PBXBuildFile; fileRef = A3C9D5992207277A00401E08 /* NRLabel.swift */; };
		A3C9D59C22072BEF00401E08 /* CGFloat+Extension.swift in Sources */ = {isa = PBXBuildFile; fileRef = A3C9D59B22072BEF00401E08 /* CGFloat+Extension.swift */; };
		A3CD45A11F937CC000826F47 /* EditMyWorkoutController.swift in Sources */ = {isa = PBXBuildFile; fileRef = A3CD45A01F937CC000826F47 /* EditMyWorkoutController.swift */; };
		A3D100561F98F423004AB5D8 /* InputDataSource.swift in Sources */ = {isa = PBXBuildFile; fileRef = A3D100551F98F423004AB5D8 /* InputDataSource.swift */; };
		A3D100581F98F431004AB5D8 /* InputDelegate.swift in Sources */ = {isa = PBXBuildFile; fileRef = A3D100571F98F431004AB5D8 /* InputDelegate.swift */; };
		A3D1005A1F98F492004AB5D8 /* InputTableViewCell.swift in Sources */ = {isa = PBXBuildFile; fileRef = A3D100591F98F492004AB5D8 /* InputTableViewCell.swift */; };
		A3D9802522118A51006E0B68 /* Stat.swift in Sources */ = {isa = PBXBuildFile; fileRef = A3D9802422118A51006E0B68 /* Stat.swift */; };
		A3D9DEF222019D6600BCCAF4 /* PersistencyController.swift in Sources */ = {isa = PBXBuildFile; fileRef = A3D9DEF122019D6600BCCAF4 /* PersistencyController.swift */; };
		A3D9DEF42201A25F00BCCAF4 /* Unit.swift in Sources */ = {isa = PBXBuildFile; fileRef = A3D9DEF32201A25F00BCCAF4 /* Unit.swift */; };
		A3D9DEF62201A7BB00BCCAF4 /* WorkoutHistory.swift in Sources */ = {isa = PBXBuildFile; fileRef = A3D9DEF52201A7BB00BCCAF4 /* WorkoutHistory.swift */; };
		A3D9DEF82201A9AD00BCCAF4 /* Category.swift in Sources */ = {isa = PBXBuildFile; fileRef = A3D9DEF72201A9AD00BCCAF4 /* Category.swift */; };
		A3D9DEFA2201AABA00BCCAF4 /* Set.swift in Sources */ = {isa = PBXBuildFile; fileRef = A3D9DEF92201AABA00BCCAF4 /* Set.swift */; };
		A3D9DEFE2201B00900BCCAF4 /* AudioPlayer.swift in Sources */ = {isa = PBXBuildFile; fileRef = A3D9DEFD2201B00900BCCAF4 /* AudioPlayer.swift */; };
		A3D9DF002201B24300BCCAF4 /* Statistics.swift in Sources */ = {isa = PBXBuildFile; fileRef = A3D9DEFF2201B24300BCCAF4 /* Statistics.swift */; };
		A3D9DF022201B64D00BCCAF4 /* SettingsTableViewController.swift in Sources */ = {isa = PBXBuildFile; fileRef = A3D9DF012201B64D00BCCAF4 /* SettingsTableViewController.swift */; };
		A3DFA65F220849DF00E05DF4 /* UnitConverter.swift in Sources */ = {isa = PBXBuildFile; fileRef = A3DFA65E220849DF00E05DF4 /* UnitConverter.swift */; };
		A3DFA66122084CC400E05DF4 /* NRDefaultTableViewCell.swift in Sources */ = {isa = PBXBuildFile; fileRef = A3DFA66022084CC400E05DF4 /* NRDefaultTableViewCell.swift */; };
		A3E073191F90ED320099A7B8 /* AppDelegate.swift in Sources */ = {isa = PBXBuildFile; fileRef = A3E073181F90ED320099A7B8 /* AppDelegate.swift */; };
		A3E0731E1F90ED320099A7B8 /* Main.storyboard in Resources */ = {isa = PBXBuildFile; fileRef = A3E0731C1F90ED320099A7B8 /* Main.storyboard */; };
		A3E073201F90ED320099A7B8 /* Assets.xcassets in Resources */ = {isa = PBXBuildFile; fileRef = A3E0731F1F90ED320099A7B8 /* Assets.xcassets */; };
		A3E073231F90ED320099A7B8 /* LaunchScreen.storyboard in Resources */ = {isa = PBXBuildFile; fileRef = A3E073211F90ED320099A7B8 /* LaunchScreen.storyboard */; };
		A3E0734C1F90EECD0099A7B8 /* AboutViewController.swift in Sources */ = {isa = PBXBuildFile; fileRef = A3E0734B1F90EECD0099A7B8 /* AboutViewController.swift */; };
		A3E073511F90EF8C0099A7B8 /* MenuViewController.swift in Sources */ = {isa = PBXBuildFile; fileRef = A3E073501F90EF8C0099A7B8 /* MenuViewController.swift */; };
		FE0ED48807128A30570D5F44 /* Pods_NoRest.framework in Frameworks */ = {isa = PBXBuildFile; fileRef = 080F8BB25C17C51655105730 /* Pods_NoRest.framework */; };
/* End PBXBuildFile section */

/* Begin PBXFileReference section */
		080F8BB25C17C51655105730 /* Pods_NoRest.framework */ = {isa = PBXFileReference; explicitFileType = wrapper.framework; includeInIndex = 0; path = Pods_NoRest.framework; sourceTree = BUILT_PRODUCTS_DIR; };
		19D99BEDA5076CF3793FE93A /* Pods_Push.framework */ = {isa = PBXFileReference; explicitFileType = wrapper.framework; includeInIndex = 0; path = Pods_Push.framework; sourceTree = BUILT_PRODUCTS_DIR; };
		400F63A16B15D6C359D2E20D /* Pods-NoRest.release.xcconfig */ = {isa = PBXFileReference; includeInIndex = 1; lastKnownFileType = text.xcconfig; name = "Pods-NoRest.release.xcconfig"; path = "Pods/Target Support Files/Pods-NoRest/Pods-NoRest.release.xcconfig"; sourceTree = "<group>"; };
		48802D2C37E2CE0A7C0D61C8 /* Pods_PushUITests.framework */ = {isa = PBXFileReference; explicitFileType = wrapper.framework; includeInIndex = 0; path = Pods_PushUITests.framework; sourceTree = BUILT_PRODUCTS_DIR; };
		5BD75296C03712E055F7582B /* Pods-NoRest.debug.xcconfig */ = {isa = PBXFileReference; includeInIndex = 1; lastKnownFileType = text.xcconfig; name = "Pods-NoRest.debug.xcconfig"; path = "Pods/Target Support Files/Pods-NoRest/Pods-NoRest.debug.xcconfig"; sourceTree = "<group>"; };
		816869E2E104961A9DA9EAD4 /* Pods_PushTests.framework */ = {isa = PBXFileReference; explicitFileType = wrapper.framework; includeInIndex = 0; path = Pods_PushTests.framework; sourceTree = BUILT_PRODUCTS_DIR; };
		A3020F5C1F9BCE1600A57A5C /* ExercisesCardioTableViewCell.swift */ = {isa = PBXFileReference; lastKnownFileType = sourcecode.swift; path = ExercisesCardioTableViewCell.swift; sourceTree = "<group>"; };
		A3034F951F9BDA57004D83C4 /* DetailsCardioTableViewCell.swift */ = {isa = PBXFileReference; lastKnownFileType = sourcecode.swift; path = DetailsCardioTableViewCell.swift; sourceTree = "<group>"; };
		A308E26221F79AB9001D2FE8 /* UpdateTabBarPositionAction.swift */ = {isa = PBXFileReference; lastKnownFileType = sourcecode.swift; path = UpdateTabBarPositionAction.swift; sourceTree = "<group>"; };
		A308E26521F79B87001D2FE8 /* NRConstants.swift */ = {isa = PBXFileReference; lastKnownFileType = sourcecode.swift; path = NRConstants.swift; sourceTree = "<group>"; };
		A308E26821F79BBC001D2FE8 /* UIColor+Extension.swift */ = {isa = PBXFileReference; lastKnownFileType = sourcecode.swift; path = "UIColor+Extension.swift"; sourceTree = "<group>"; };
		A31715C51F9A7359005D420F /* TimerViewController.swift */ = {isa = PBXFileReference; lastKnownFileType = sourcecode.swift; path = TimerViewController.swift; sourceTree = "<group>"; };
		A31715C71F9A7662005D420F /* TimerController.swift */ = {isa = PBXFileReference; lastKnownFileType = sourcecode.swift; path = TimerController.swift; sourceTree = "<group>"; };
		A31BFC8A21F66644003214C2 /* AppState.swift */ = {isa = PBXFileReference; lastKnownFileType = sourcecode.swift; path = AppState.swift; sourceTree = "<group>"; };
		A31BFC8D21F66684003214C2 /* AppReducer.swift */ = {isa = PBXFileReference; lastKnownFileType = sourcecode.swift; path = AppReducer.swift; sourceTree = "<group>"; };
		A31BFC9121F667CF003214C2 /* AppCoordinator.swift */ = {isa = PBXFileReference; lastKnownFileType = sourcecode.swift; path = AppCoordinator.swift; sourceTree = "<group>"; };
		A31BFC9321F667F9003214C2 /* AppCoordinatorSubscriber.swift */ = {isa = PBXFileReference; lastKnownFileType = sourcecode.swift; path = AppCoordinatorSubscriber.swift; sourceTree = "<group>"; };
		A31BFC9521F66831003214C2 /* InvalidateRoutingAction.swift */ = {isa = PBXFileReference; lastKnownFileType = sourcecode.swift; path = InvalidateRoutingAction.swift; sourceTree = "<group>"; };
		A31BFC9721F6684D003214C2 /* NavigationReducer.swift */ = {isa = PBXFileReference; lastKnownFileType = sourcecode.swift; path = NavigationReducer.swift; sourceTree = "<group>"; };
		A31BFC9921F66865003214C2 /* NavigationState.swift */ = {isa = PBXFileReference; lastKnownFileType = sourcecode.swift; path = NavigationState.swift; sourceTree = "<group>"; };
		A31BFC9B21F66883003214C2 /* RouteAction.swift */ = {isa = PBXFileReference; lastKnownFileType = sourcecode.swift; path = RouteAction.swift; sourceTree = "<group>"; };
		A31BFC9F21F668BE003214C2 /* ViewBuilder.swift */ = {isa = PBXFileReference; lastKnownFileType = sourcecode.swift; path = ViewBuilder.swift; sourceTree = "<group>"; };
		A31BFCA221F66C53003214C2 /* DefaultNavigationController.swift */ = {isa = PBXFileReference; lastKnownFileType = sourcecode.swift; path = DefaultNavigationController.swift; sourceTree = "<group>"; };
		A320B9172201B96900FFFA40 /* SettingsTableViewDataSource.swift */ = {isa = PBXFileReference; lastKnownFileType = sourcecode.swift; path = SettingsTableViewDataSource.swift; sourceTree = "<group>"; };
		A320B9192201B9A100FFFA40 /* SettingsTableViewDelegate.swift */ = {isa = PBXFileReference; lastKnownFileType = sourcecode.swift; path = SettingsTableViewDelegate.swift; sourceTree = "<group>"; };
		A320B91D2201CC3E00FFFA40 /* SettingsUnitTableViewCell.swift */ = {isa = PBXFileReference; lastKnownFileType = sourcecode.swift; path = SettingsUnitTableViewCell.swift; sourceTree = "<group>"; };
		A320B91F2201CC4D00FFFA40 /* SettingsTimerTableViewCell.swift */ = {isa = PBXFileReference; lastKnownFileType = sourcecode.swift; path = SettingsTimerTableViewCell.swift; sourceTree = "<group>"; };
		A320B9212201CC5B00FFFA40 /* SettingsYourDataTableViewCell.swift */ = {isa = PBXFileReference; lastKnownFileType = sourcecode.swift; path = SettingsYourDataTableViewCell.swift; sourceTree = "<group>"; };
		A32DD1641F90F0D1009D13CE /* CaviarDreams_BoldItalic.ttf */ = {isa = PBXFileReference; lastKnownFileType = file; path = CaviarDreams_BoldItalic.ttf; sourceTree = "<group>"; };
		A32DD1651F90F0D1009D13CE /* CaviarDreams.ttf */ = {isa = PBXFileReference; lastKnownFileType = file; path = CaviarDreams.ttf; sourceTree = "<group>"; };
		A32DD1661F90F0D1009D13CE /* CaviarDreams_Bold.ttf */ = {isa = PBXFileReference; lastKnownFileType = file; path = CaviarDreams_Bold.ttf; sourceTree = "<group>"; };
		A32DD1671F90F0D2009D13CE /* CaviarDreams_Italic.ttf */ = {isa = PBXFileReference; lastKnownFileType = file; path = CaviarDreams_Italic.ttf; sourceTree = "<group>"; };
		A32DD16D1F90F3CF009D13CE /* ViewController+Extension.swift */ = {isa = PBXFileReference; lastKnownFileType = sourcecode.swift; path = "ViewController+Extension.swift"; sourceTree = "<group>"; };
		A32DD1731F90FC23009D13CE /* UserData.swift */ = {isa = PBXFileReference; lastKnownFileType = sourcecode.swift; path = UserData.swift; sourceTree = "<group>"; };
		A33F8559220324D900E971E7 /* LicensesViewController.swift */ = {isa = PBXFileReference; lastKnownFileType = sourcecode.swift; path = LicensesViewController.swift; sourceTree = "<group>"; };
		A34B8DF11FA2175D00E62356 /* timerSound.wav */ = {isa = PBXFileReference; lastKnownFileType = audio.wav; path = timerSound.wav; sourceTree = "<group>"; };
		A35027211F9B664C00E2F4B0 /* StatisticsControllerOld.swift */ = {isa = PBXFileReference; lastKnownFileType = sourcecode.swift; path = StatisticsControllerOld.swift; sourceTree = "<group>"; };
		A35027231F9B667400E2F4B0 /* MuscleStatisticViewController.swift */ = {isa = PBXFileReference; lastKnownFileType = sourcecode.swift; path = MuscleStatisticViewController.swift; sourceTree = "<group>"; };
		A35027251F9B668A00E2F4B0 /* MuscleStatisticCollectionViewCell.swift */ = {isa = PBXFileReference; lastKnownFileType = sourcecode.swift; path = MuscleStatisticCollectionViewCell.swift; sourceTree = "<group>"; };
		A35027271F9B66A600E2F4B0 /* MuscleStatisticDataSource.swift */ = {isa = PBXFileReference; lastKnownFileType = sourcecode.swift; path = MuscleStatisticDataSource.swift; sourceTree = "<group>"; };
		A35027291F9B66C100E2F4B0 /* MuscleStatisticDelegateFlowLayout.swift */ = {isa = PBXFileReference; lastKnownFileType = sourcecode.swift; path = MuscleStatisticDelegateFlowLayout.swift; sourceTree = "<group>"; };
		A350272B1F9B689A00E2F4B0 /* ExerciseStatisticViewController.swift */ = {isa = PBXFileReference; lastKnownFileType = sourcecode.swift; path = ExerciseStatisticViewController.swift; sourceTree = "<group>"; };
		A35127CF220454B9007D024F /* SettingsSubscriber.swift */ = {isa = PBXFileReference; lastKnownFileType = sourcecode.swift; path = SettingsSubscriber.swift; sourceTree = "<group>"; };
		A35127D12204558B007D024F /* ResetDataAction.swift */ = {isa = PBXFileReference; lastKnownFileType = sourcecode.swift; path = ResetDataAction.swift; sourceTree = "<group>"; };
		A35127D3220455BC007D024F /* SettingsReducer.swift */ = {isa = PBXFileReference; lastKnownFileType = sourcecode.swift; path = SettingsReducer.swift; sourceTree = "<group>"; };
		A35127D52204560D007D024F /* SettingsState.swift */ = {isa = PBXFileReference; lastKnownFileType = sourcecode.swift; path = SettingsState.swift; sourceTree = "<group>"; };
		A35127D722047536007D024F /* FileManager.swift */ = {isa = PBXFileReference; lastKnownFileType = sourcecode.swift; path = FileManager.swift; sourceTree = "<group>"; };
		A353A5B71F9158D1006B9E2C /* MyWorkoutTableViewCell.swift */ = {isa = PBXFileReference; lastKnownFileType = sourcecode.swift; path = MyWorkoutTableViewCell.swift; sourceTree = "<group>"; };
		A353A5B91F91595F006B9E2C /* MyWorkoutTableViewController.swift */ = {isa = PBXFileReference; lastKnownFileType = sourcecode.swift; path = MyWorkoutTableViewController.swift; sourceTree = "<group>"; };
		A353A5BB1F915B24006B9E2C /* MyWorkoutDelegate.swift */ = {isa = PBXFileReference; lastKnownFileType = sourcecode.swift; path = MyWorkoutDelegate.swift; sourceTree = "<group>"; };
		A353A5BD1F915B36006B9E2C /* MyWorkoutDataSource.swift */ = {isa = PBXFileReference; lastKnownFileType = sourcecode.swift; path = MyWorkoutDataSource.swift; sourceTree = "<group>"; };
		A353A5C01F915BA4006B9E2C /* MyWorkoutController.swift */ = {isa = PBXFileReference; lastKnownFileType = sourcecode.swift; path = MyWorkoutController.swift; sourceTree = "<group>"; };
		A355C48B1F9B9AB500F2350B /* ExerciseStatisticCategoryCollectionViewCell.swift */ = {isa = PBXFileReference; lastKnownFileType = sourcecode.swift; path = ExerciseStatisticCategoryCollectionViewCell.swift; sourceTree = "<group>"; };
		A355C48D1F9B9AE000F2350B /* ExerciseStatisticCategoryDataSource.swift */ = {isa = PBXFileReference; lastKnownFileType = sourcecode.swift; path = ExerciseStatisticCategoryDataSource.swift; sourceTree = "<group>"; };
		A355C48F1F9B9B0300F2350B /* ExerciseStatisticCategoryDelegateFlowLayout.swift */ = {isa = PBXFileReference; lastKnownFileType = sourcecode.swift; path = ExerciseStatisticCategoryDelegateFlowLayout.swift; sourceTree = "<group>"; };
		A355C4911F9B9B1C00F2350B /* ExerciseStatisticExerciseDelegateFlowLayout.swift */ = {isa = PBXFileReference; lastKnownFileType = sourcecode.swift; path = ExerciseStatisticExerciseDelegateFlowLayout.swift; sourceTree = "<group>"; };
		A355C4931F9B9B2F00F2350B /* ExerciseStatisticExerciseDataSource.swift */ = {isa = PBXFileReference; lastKnownFileType = sourcecode.swift; path = ExerciseStatisticExerciseDataSource.swift; sourceTree = "<group>"; };
		A355C4951F9B9B4900F2350B /* ExerciseStatisticExerciseCollectionViewCell.swift */ = {isa = PBXFileReference; lastKnownFileType = sourcecode.swift; path = ExerciseStatisticExerciseCollectionViewCell.swift; sourceTree = "<group>"; };
		A35789771F97D8BF00F18FB3 /* CurrentWorkoutCollectionViewCell.swift */ = {isa = PBXFileReference; lastKnownFileType = sourcecode.swift; path = CurrentWorkoutCollectionViewCell.swift; sourceTree = "<group>"; };
		A35789791F97DA2F00F18FB3 /* CurrentWorkoutDataSource.swift */ = {isa = PBXFileReference; lastKnownFileType = sourcecode.swift; path = CurrentWorkoutDataSource.swift; sourceTree = "<group>"; };
		A35AA6A022116CB100A6CD10 /* MainStatisticsViewController.swift */ = {isa = PBXFileReference; lastKnownFileType = sourcecode.swift; path = MainStatisticsViewController.swift; sourceTree = "<group>"; };
		A35AA6A222116DEC00A6CD10 /* MainStatisticsCollectionViewDataSource.swift */ = {isa = PBXFileReference; lastKnownFileType = sourcecode.swift; path = MainStatisticsCollectionViewDataSource.swift; sourceTree = "<group>"; };
		A35AA6A422116E0200A6CD10 /* MainStatisticsCollectionViewDelegate.swift */ = {isa = PBXFileReference; lastKnownFileType = sourcecode.swift; path = MainStatisticsCollectionViewDelegate.swift; sourceTree = "<group>"; };
		A35AA6A622116F3500A6CD10 /* StatisticsGeneralCollectionViewCell.swift */ = {isa = PBXFileReference; lastKnownFileType = sourcecode.swift; path = StatisticsGeneralCollectionViewCell.swift; sourceTree = "<group>"; };
		A35AA6A822116F4000A6CD10 /* StatisticsExerciseCollectionViewCell.swift */ = {isa = PBXFileReference; lastKnownFileType = sourcecode.swift; path = StatisticsExerciseCollectionViewCell.swift; sourceTree = "<group>"; };
		A35AA6AA2211857900A6CD10 /* StatisticsStatsCollectionViewCell.swift */ = {isa = PBXFileReference; lastKnownFileType = sourcecode.swift; path = StatisticsStatsCollectionViewCell.swift; sourceTree = "<group>"; };
		A35AA6AC2211877E00A6CD10 /* StatisticsStatsCollectionViewDataSource.swift */ = {isa = PBXFileReference; lastKnownFileType = sourcecode.swift; path = StatisticsStatsCollectionViewDataSource.swift; sourceTree = "<group>"; };
		A35AA6AE221187A900A6CD10 /* StatisticsStatsCollectionViewDelegate.swift */ = {isa = PBXFileReference; lastKnownFileType = sourcecode.swift; path = StatisticsStatsCollectionViewDelegate.swift; sourceTree = "<group>"; };
		A35AA6B0221187D500A6CD10 /* StatisticsController.swift */ = {isa = PBXFileReference; lastKnownFileType = sourcecode.swift; path = StatisticsController.swift; sourceTree = "<group>"; };
		A35F8AFB21FC6FC700062800 /* ExercisesCollectionViewController.swift */ = {isa = PBXFileReference; lastKnownFileType = sourcecode.swift; path = ExercisesCollectionViewController.swift; sourceTree = "<group>"; };
		A35F8AFD21FC6FE200062800 /* ExercisesCollectionViewDataSource.swift */ = {isa = PBXFileReference; lastKnownFileType = sourcecode.swift; path = ExercisesCollectionViewDataSource.swift; sourceTree = "<group>"; };
		A35F8AFF21FC6FF900062800 /* ExercisesCollectionViewDelegate.swift */ = {isa = PBXFileReference; lastKnownFileType = sourcecode.swift; path = ExercisesCollectionViewDelegate.swift; sourceTree = "<group>"; };
		A35F8B0121FC700800062800 /* ExercisesCollectionViewCell.swift */ = {isa = PBXFileReference; lastKnownFileType = sourcecode.swift; path = ExercisesCollectionViewCell.swift; sourceTree = "<group>"; };
		A37EE6D31F91626B003F6B6B /* EditMyWorkoutViewController.swift */ = {isa = PBXFileReference; lastKnownFileType = sourcecode.swift; path = EditMyWorkoutViewController.swift; sourceTree = "<group>"; };
		A37EE6D51F916651003F6B6B /* MyWorkoutExercisesTableViewCell.swift */ = {isa = PBXFileReference; lastKnownFileType = sourcecode.swift; path = MyWorkoutExercisesTableViewCell.swift; sourceTree = "<group>"; };
		A37EE6D71F916709003F6B6B /* EditMyWorkoutDelegate.swift */ = {isa = PBXFileReference; lastKnownFileType = sourcecode.swift; path = EditMyWorkoutDelegate.swift; sourceTree = "<group>"; };
		A37EE6D91F91671B003F6B6B /* EditMyWorkoutDataSource.swift */ = {isa = PBXFileReference; lastKnownFileType = sourcecode.swift; path = EditMyWorkoutDataSource.swift; sourceTree = "<group>"; };
		A38266E81F93E70300646603 /* RearrangingDelegate.swift */ = {isa = PBXFileReference; lastKnownFileType = sourcecode.swift; path = RearrangingDelegate.swift; sourceTree = "<group>"; };
		A38266EA1F93E85800646603 /* DetailsDataSource.swift */ = {isa = PBXFileReference; lastKnownFileType = sourcecode.swift; path = DetailsDataSource.swift; sourceTree = "<group>"; };
		A38266EE1F93E9B000646603 /* DetailsViewController.swift */ = {isa = PBXFileReference; lastKnownFileType = sourcecode.swift; path = DetailsViewController.swift; sourceTree = "<group>"; };
		A38266F51F93F60C00646603 /* DetailsTableViewCell.swift */ = {isa = PBXFileReference; lastKnownFileType = sourcecode.swift; path = DetailsTableViewCell.swift; sourceTree = "<group>"; };
		A38266F71F93F75E00646603 /* DetailsDelegate.swift */ = {isa = PBXFileReference; lastKnownFileType = sourcecode.swift; path = DetailsDelegate.swift; sourceTree = "<group>"; };
		A3881C9A1F993311000601AD /* NotesExplanationViewController.swift */ = {isa = PBXFileReference; lastKnownFileType = sourcecode.swift; path = NotesExplanationViewController.swift; sourceTree = "<group>"; };
		A391ADE221FB94C0002A7D04 /* ExercisesCategoryCollectionViewController.swift */ = {isa = PBXFileReference; lastKnownFileType = sourcecode.swift; path = ExercisesCategoryCollectionViewController.swift; sourceTree = "<group>"; };
		A391ADE421FB94E4002A7D04 /* ExercisesCategoryCollectionViewDelegate.swift */ = {isa = PBXFileReference; lastKnownFileType = sourcecode.swift; path = ExercisesCategoryCollectionViewDelegate.swift; sourceTree = "<group>"; };
		A391ADE621FB94F9002A7D04 /* ExercisesCategoryCollectionViewDataSource.swift */ = {isa = PBXFileReference; lastKnownFileType = sourcecode.swift; path = ExercisesCategoryCollectionViewDataSource.swift; sourceTree = "<group>"; };
		A391ADE821FB95B5002A7D04 /* ExercisesCategoryCollectionViewCell.swift */ = {isa = PBXFileReference; lastKnownFileType = sourcecode.swift; path = ExercisesCategoryCollectionViewCell.swift; sourceTree = "<group>"; };
		A391ADEA21FBA42D002A7D04 /* UIView+Extension.swift */ = {isa = PBXFileReference; fileEncoding = 4; lastKnownFileType = sourcecode.swift; path = "UIView+Extension.swift"; sourceTree = "<group>"; };
		A391ADED21FBA948002A7D04 /* NRButton.swift */ = {isa = PBXFileReference; lastKnownFileType = sourcecode.swift; path = NRButton.swift; sourceTree = "<group>"; };
		A392B7FA220C597A0030FBD4 /* EditExerciseViewController.swift */ = {isa = PBXFileReference; lastKnownFileType = sourcecode.swift; path = EditExerciseViewController.swift; sourceTree = "<group>"; };
		A392B7FC220C599B0030FBD4 /* EditExerciseSubscriber.swift */ = {isa = PBXFileReference; lastKnownFileType = sourcecode.swift; path = EditExerciseSubscriber.swift; sourceTree = "<group>"; };
		A392B7FE220C59F50030FBD4 /* EditExerciseState.swift */ = {isa = PBXFileReference; lastKnownFileType = sourcecode.swift; path = EditExerciseState.swift; sourceTree = "<group>"; };
		A392B800220C5A510030FBD4 /* EditExerciseReducer.swift */ = {isa = PBXFileReference; lastKnownFileType = sourcecode.swift; path = EditExerciseReducer.swift; sourceTree = "<group>"; };
		A392B802220C5AF00030FBD4 /* EditExerciseAction.swift */ = {isa = PBXFileReference; lastKnownFileType = sourcecode.swift; path = EditExerciseAction.swift; sourceTree = "<group>"; };
		A392B804220C6CCB0030FBD4 /* ExerciseController.swift */ = {isa = PBXFileReference; lastKnownFileType = sourcecode.swift; path = ExerciseController.swift; sourceTree = "<group>"; };
		A39AB52D1F93AAA6000B6DBF /* MyWorkoutRearrangingTableViewController.swift */ = {isa = PBXFileReference; lastKnownFileType = sourcecode.swift; path = MyWorkoutRearrangingTableViewController.swift; sourceTree = "<group>"; };
		A39AB52F1F93AAD0000B6DBF /* RearrangingDataSource.swift */ = {isa = PBXFileReference; lastKnownFileType = sourcecode.swift; path = RearrangingDataSource.swift; sourceTree = "<group>"; };
		A39AB5311F93AADF000B6DBF /* RearrangingTableViewCell.swift */ = {isa = PBXFileReference; lastKnownFileType = sourcecode.swift; path = RearrangingTableViewCell.swift; sourceTree = "<group>"; };
		A39C2A181F913B1400AFF8C6 /* DefaultExercises.swift */ = {isa = PBXFileReference; lastKnownFileType = sourcecode.swift; path = DefaultExercises.swift; sourceTree = "<group>"; };
		A39C2A1A1F91452400AFF8C6 /* EditController.swift */ = {isa = PBXFileReference; lastKnownFileType = sourcecode.swift; path = EditController.swift; sourceTree = "<group>"; };
		A3A09C131F91002C00CD01AF /* MyWorkout.swift */ = {isa = PBXFileReference; lastKnownFileType = sourcecode.swift; path = MyWorkout.swift; sourceTree = "<group>"; };
		A3A09C151F91003400CD01AF /* Exercise.swift */ = {isa = PBXFileReference; lastKnownFileType = sourcecode.swift; path = Exercise.swift; sourceTree = "<group>"; };
		A3A09C191F9105FB00CD01AF /* SettingsController.swift */ = {isa = PBXFileReference; lastKnownFileType = sourcecode.swift; path = SettingsController.swift; sourceTree = "<group>"; };
		A3A09C1E1F9111F900CD01AF /* CategoryViewController.swift */ = {isa = PBXFileReference; lastKnownFileType = sourcecode.swift; path = CategoryViewController.swift; sourceTree = "<group>"; };
		A3A09C211F91139100CD01AF /* ExercisesTableViewController.swift */ = {isa = PBXFileReference; lastKnownFileType = sourcecode.swift; path = ExercisesTableViewController.swift; sourceTree = "<group>"; };
		A3A09C231F91185800CD01AF /* ExercisesTableViewCell.swift */ = {isa = PBXFileReference; lastKnownFileType = sourcecode.swift; path = ExercisesTableViewCell.swift; sourceTree = "<group>"; };
		A3A09C251F91347600CD01AF /* ExercisesDelegate.swift */ = {isa = PBXFileReference; lastKnownFileType = sourcecode.swift; path = ExercisesDelegate.swift; sourceTree = "<group>"; };
		A3A09C271F91348B00CD01AF /* ExercisesDataSource.swift */ = {isa = PBXFileReference; lastKnownFileType = sourcecode.swift; path = ExercisesDataSource.swift; sourceTree = "<group>"; };
		A3A09C2A1F9134F800CD01AF /* ExercisesController.swift */ = {isa = PBXFileReference; lastKnownFileType = sourcecode.swift; path = ExercisesController.swift; sourceTree = "<group>"; };
		A3A09C2E1F91388900CD01AF /* EditExerciseTableViewController.swift */ = {isa = PBXFileReference; lastKnownFileType = sourcecode.swift; path = EditExerciseTableViewController.swift; sourceTree = "<group>"; };
		A3AC807721FDF6A0000DE1EF /* SelectedCategoryAction.swift */ = {isa = PBXFileReference; lastKnownFileType = sourcecode.swift; path = SelectedCategoryAction.swift; sourceTree = "<group>"; };
		A3AC807921FDF79C000DE1EF /* ExercisesState.swift */ = {isa = PBXFileReference; lastKnownFileType = sourcecode.swift; path = ExercisesState.swift; sourceTree = "<group>"; };
		A3AC807B21FDF7D6000DE1EF /* ExercisesReducer.swift */ = {isa = PBXFileReference; lastKnownFileType = sourcecode.swift; path = ExercisesReducer.swift; sourceTree = "<group>"; };
		A3AC807D21FDF8A4000DE1EF /* ExercisesSubscriber.swift */ = {isa = PBXFileReference; lastKnownFileType = sourcecode.swift; path = ExercisesSubscriber.swift; sourceTree = "<group>"; };
		A3AE4A1C21F74CCE007A97AB /* LoggingMiddleware.swift */ = {isa = PBXFileReference; lastKnownFileType = sourcecode.swift; path = LoggingMiddleware.swift; sourceTree = "<group>"; };
		A3AE4A1E21F74D61007A97AB /* RouteDestination.swift */ = {isa = PBXFileReference; lastKnownFileType = sourcecode.swift; path = RouteDestination.swift; sourceTree = "<group>"; };
		A3AE4A2121F74E0C007A97AB /* MainTabBarController.swift */ = {isa = PBXFileReference; lastKnownFileType = sourcecode.swift; path = MainTabBarController.swift; sourceTree = "<group>"; };
		A3AE4A2321F74E2A007A97AB /* TabBarDestination.swift */ = {isa = PBXFileReference; lastKnownFileType = sourcecode.swift; path = TabBarDestination.swift; sourceTree = "<group>"; };
		A3AE4A2621F74EF3007A97AB /* LoggingProxy.swift */ = {isa = PBXFileReference; lastKnownFileType = sourcecode.swift; path = LoggingProxy.swift; sourceTree = "<group>"; };
		A3AE4A2821F74F32007A97AB /* LogginConfiguration.swift */ = {isa = PBXFileReference; lastKnownFileType = sourcecode.swift; path = LogginConfiguration.swift; sourceTree = "<group>"; };
		A3AE4A2B21F75004007A97AB /* EmojiModifier.swift */ = {isa = PBXFileReference; lastKnownFileType = sourcecode.swift; path = EmojiModifier.swift; sourceTree = "<group>"; };
		A3B3E9F31F98DEDC00CCC3CC /* CurrentWorkoutController.swift */ = {isa = PBXFileReference; lastKnownFileType = sourcecode.swift; path = CurrentWorkoutController.swift; sourceTree = "<group>"; };
		A3BC597A1F9236880050CD6D /* MyWorkoutHistoryTableViewController.swift */ = {isa = PBXFileReference; lastKnownFileType = sourcecode.swift; path = MyWorkoutHistoryTableViewController.swift; sourceTree = "<group>"; };
		A3BC597C1F9236AB0050CD6D /* MyWorkoutHistoryTableViewCell.swift */ = {isa = PBXFileReference; lastKnownFileType = sourcecode.swift; path = MyWorkoutHistoryTableViewCell.swift; sourceTree = "<group>"; };
		A3BC597E1F9237870050CD6D /* MyWorkoutHistoryDelegate.swift */ = {isa = PBXFileReference; lastKnownFileType = sourcecode.swift; path = MyWorkoutHistoryDelegate.swift; sourceTree = "<group>"; };
		A3BC59801F9237970050CD6D /* MyWorkoutHistoryDataSource.swift */ = {isa = PBXFileReference; lastKnownFileType = sourcecode.swift; path = MyWorkoutHistoryDataSource.swift; sourceTree = "<group>"; };
		A3BC59821F9239DC0050CD6D /* MyWorkoutHistoryController.swift */ = {isa = PBXFileReference; lastKnownFileType = sourcecode.swift; path = MyWorkoutHistoryController.swift; sourceTree = "<group>"; };
		A3C08EFD1F9C91910070DB11 /* CurrentWorkoutCardioCollectionViewCell.swift */ = {isa = PBXFileReference; lastKnownFileType = sourcecode.swift; path = CurrentWorkoutCardioCollectionViewCell.swift; sourceTree = "<group>"; };
		A3C38EA31F991E9C00B35D5E /* CurrentWorkoutViewController.swift */ = {isa = PBXFileReference; lastKnownFileType = sourcecode.swift; path = CurrentWorkoutViewController.swift; sourceTree = "<group>"; };
		A3C38EA51F99248D00B35D5E /* CurrentWorkoutDelegateFlowLayout.swift */ = {isa = PBXFileReference; lastKnownFileType = sourcecode.swift; path = CurrentWorkoutDelegateFlowLayout.swift; sourceTree = "<group>"; };
		A3C9D5992207277A00401E08 /* NRLabel.swift */ = {isa = PBXFileReference; lastKnownFileType = sourcecode.swift; path = NRLabel.swift; sourceTree = "<group>"; };
		A3C9D59B22072BEF00401E08 /* CGFloat+Extension.swift */ = {isa = PBXFileReference; lastKnownFileType = sourcecode.swift; path = "CGFloat+Extension.swift"; sourceTree = "<group>"; };
		A3CD45A01F937CC000826F47 /* EditMyWorkoutController.swift */ = {isa = PBXFileReference; lastKnownFileType = sourcecode.swift; path = EditMyWorkoutController.swift; sourceTree = "<group>"; };
		A3D100551F98F423004AB5D8 /* InputDataSource.swift */ = {isa = PBXFileReference; lastKnownFileType = sourcecode.swift; path = InputDataSource.swift; sourceTree = "<group>"; };
		A3D100571F98F431004AB5D8 /* InputDelegate.swift */ = {isa = PBXFileReference; lastKnownFileType = sourcecode.swift; path = InputDelegate.swift; sourceTree = "<group>"; };
		A3D100591F98F492004AB5D8 /* InputTableViewCell.swift */ = {isa = PBXFileReference; lastKnownFileType = sourcecode.swift; path = InputTableViewCell.swift; sourceTree = "<group>"; };
		A3D9802422118A51006E0B68 /* Stat.swift */ = {isa = PBXFileReference; lastKnownFileType = sourcecode.swift; path = Stat.swift; sourceTree = "<group>"; };
		A3D9DEF122019D6600BCCAF4 /* PersistencyController.swift */ = {isa = PBXFileReference; lastKnownFileType = sourcecode.swift; path = PersistencyController.swift; sourceTree = "<group>"; };
		A3D9DEF32201A25F00BCCAF4 /* Unit.swift */ = {isa = PBXFileReference; lastKnownFileType = sourcecode.swift; path = Unit.swift; sourceTree = "<group>"; };
		A3D9DEF52201A7BB00BCCAF4 /* WorkoutHistory.swift */ = {isa = PBXFileReference; lastKnownFileType = sourcecode.swift; path = WorkoutHistory.swift; sourceTree = "<group>"; };
		A3D9DEF72201A9AD00BCCAF4 /* Category.swift */ = {isa = PBXFileReference; lastKnownFileType = sourcecode.swift; path = Category.swift; sourceTree = "<group>"; };
		A3D9DEF92201AABA00BCCAF4 /* Set.swift */ = {isa = PBXFileReference; lastKnownFileType = sourcecode.swift; path = Set.swift; sourceTree = "<group>"; };
		A3D9DEFD2201B00900BCCAF4 /* AudioPlayer.swift */ = {isa = PBXFileReference; lastKnownFileType = sourcecode.swift; path = AudioPlayer.swift; sourceTree = "<group>"; };
		A3D9DEFF2201B24300BCCAF4 /* Statistics.swift */ = {isa = PBXFileReference; lastKnownFileType = sourcecode.swift; path = Statistics.swift; sourceTree = "<group>"; };
		A3D9DF012201B64D00BCCAF4 /* SettingsTableViewController.swift */ = {isa = PBXFileReference; lastKnownFileType = sourcecode.swift; path = SettingsTableViewController.swift; sourceTree = "<group>"; };
		A3DFA65E220849DF00E05DF4 /* UnitConverter.swift */ = {isa = PBXFileReference; lastKnownFileType = sourcecode.swift; path = UnitConverter.swift; sourceTree = "<group>"; };
		A3DFA66022084CC400E05DF4 /* NRDefaultTableViewCell.swift */ = {isa = PBXFileReference; lastKnownFileType = sourcecode.swift; path = NRDefaultTableViewCell.swift; sourceTree = "<group>"; };
		A3E073151F90ED320099A7B8 /* NoRest.app */ = {isa = PBXFileReference; explicitFileType = wrapper.application; includeInIndex = 0; path = NoRest.app; sourceTree = BUILT_PRODUCTS_DIR; };
		A3E073181F90ED320099A7B8 /* AppDelegate.swift */ = {isa = PBXFileReference; lastKnownFileType = sourcecode.swift; path = AppDelegate.swift; sourceTree = "<group>"; };
		A3E0731D1F90ED320099A7B8 /* Base */ = {isa = PBXFileReference; lastKnownFileType = file.storyboard; name = Base; path = Base.lproj/Main.storyboard; sourceTree = "<group>"; };
		A3E0731F1F90ED320099A7B8 /* Assets.xcassets */ = {isa = PBXFileReference; lastKnownFileType = folder.assetcatalog; path = Assets.xcassets; sourceTree = "<group>"; };
		A3E073221F90ED320099A7B8 /* Base */ = {isa = PBXFileReference; lastKnownFileType = file.storyboard; name = Base; path = Base.lproj/LaunchScreen.storyboard; sourceTree = "<group>"; };
		A3E073241F90ED320099A7B8 /* Info.plist */ = {isa = PBXFileReference; lastKnownFileType = text.plist.xml; path = Info.plist; sourceTree = "<group>"; };
		A3E0734B1F90EECD0099A7B8 /* AboutViewController.swift */ = {isa = PBXFileReference; lastKnownFileType = sourcecode.swift; path = AboutViewController.swift; sourceTree = "<group>"; };
		A3E073501F90EF8C0099A7B8 /* MenuViewController.swift */ = {isa = PBXFileReference; lastKnownFileType = sourcecode.swift; path = MenuViewController.swift; sourceTree = "<group>"; };
/* End PBXFileReference section */

/* Begin PBXFrameworksBuildPhase section */
		A3E073121F90ED310099A7B8 /* Frameworks */ = {
			isa = PBXFrameworksBuildPhase;
			buildActionMask = 2147483647;
			files = (
				FE0ED48807128A30570D5F44 /* Pods_NoRest.framework in Frameworks */,
			);
			runOnlyForDeploymentPostprocessing = 0;
		};
/* End PBXFrameworksBuildPhase section */

/* Begin PBXGroup section */
		27415D60448D17B0D5D48F39 /* Pods */ = {
			isa = PBXGroup;
			children = (
				5BD75296C03712E055F7582B /* Pods-NoRest.debug.xcconfig */,
				400F63A16B15D6C359D2E20D /* Pods-NoRest.release.xcconfig */,
			);
			name = Pods;
			sourceTree = "<group>";
		};
		9AEE8A85CB10265C3BE2997D /* Frameworks */ = {
			isa = PBXGroup;
			children = (
				19D99BEDA5076CF3793FE93A /* Pods_Push.framework */,
				816869E2E104961A9DA9EAD4 /* Pods_PushTests.framework */,
				48802D2C37E2CE0A7C0D61C8 /* Pods_PushUITests.framework */,
				080F8BB25C17C51655105730 /* Pods_NoRest.framework */,
			);
			name = Frameworks;
			sourceTree = "<group>";
		};
		A308E26421F79B67001D2FE8 /* Helpers */ = {
			isa = PBXGroup;
			children = (
				A308E26521F79B87001D2FE8 /* NRConstants.swift */,
			);
			path = Helpers;
			sourceTree = "<group>";
		};
		A31715C41F9A734A005D420F /* Timer */ = {
			isa = PBXGroup;
			children = (
				A31715C51F9A7359005D420F /* TimerViewController.swift */,
			);
			path = Timer;
			sourceTree = "<group>";
		};
		A31BFC8621F66375003214C2 /* ReSwift */ = {
			isa = PBXGroup;
			children = (
				A31BFCA121F668E9003214C2 /* Actions */,
				A31BFC8C21F66678003214C2 /* Reducers */,
				A31BFC8921F6663B003214C2 /* States */,
				A3AE4A1C21F74CCE007A97AB /* LoggingMiddleware.swift */,
			);
			path = ReSwift;
			sourceTree = "<group>";
		};
		A31BFC8921F6663B003214C2 /* States */ = {
			isa = PBXGroup;
			children = (
				A31BFC8A21F66644003214C2 /* AppState.swift */,
				A31BFC9921F66865003214C2 /* NavigationState.swift */,
				A3AC807921FDF79C000DE1EF /* ExercisesState.swift */,
				A35127D52204560D007D024F /* SettingsState.swift */,
				A392B7FE220C59F50030FBD4 /* EditExerciseState.swift */,
			);
			path = States;
			sourceTree = "<group>";
		};
		A31BFC8C21F66678003214C2 /* Reducers */ = {
			isa = PBXGroup;
			children = (
				A31BFC8D21F66684003214C2 /* AppReducer.swift */,
				A31BFC9721F6684D003214C2 /* NavigationReducer.swift */,
				A3AC807B21FDF7D6000DE1EF /* ExercisesReducer.swift */,
				A35127D3220455BC007D024F /* SettingsReducer.swift */,
				A392B800220C5A510030FBD4 /* EditExerciseReducer.swift */,
			);
			path = Reducers;
			sourceTree = "<group>";
		};
		A31BFC8F21F667BB003214C2 /* Navigation */ = {
			isa = PBXGroup;
			children = (
				A3AE4A2021F74DF5007A97AB /* TabBar */,
				A31BFC9021F667C2003214C2 /* Coordinator */,
				A31BFC9F21F668BE003214C2 /* ViewBuilder.swift */,
				A31BFCA221F66C53003214C2 /* DefaultNavigationController.swift */,
				A3AE4A1E21F74D61007A97AB /* RouteDestination.swift */,
			);
			path = Navigation;
			sourceTree = "<group>";
		};
		A31BFC9021F667C2003214C2 /* Coordinator */ = {
			isa = PBXGroup;
			children = (
				A31BFC9121F667CF003214C2 /* AppCoordinator.swift */,
				A31BFC9321F667F9003214C2 /* AppCoordinatorSubscriber.swift */,
			);
			path = Coordinator;
			sourceTree = "<group>";
		};
		A31BFCA121F668E9003214C2 /* Actions */ = {
			isa = PBXGroup;
			children = (
				A31BFC9B21F66883003214C2 /* RouteAction.swift */,
				A31BFC9521F66831003214C2 /* InvalidateRoutingAction.swift */,
				A308E26221F79AB9001D2FE8 /* UpdateTabBarPositionAction.swift */,
				A3AC807721FDF6A0000DE1EF /* SelectedCategoryAction.swift */,
				A35127D12204558B007D024F /* ResetDataAction.swift */,
				A392B802220C5AF00030FBD4 /* EditExerciseAction.swift */,
			);
			path = Actions;
			sourceTree = "<group>";
		};
		A320B9162201B8E700FFFA40 /* Cells */ = {
			isa = PBXGroup;
			children = (
				A320B91D2201CC3E00FFFA40 /* SettingsUnitTableViewCell.swift */,
				A320B91F2201CC4D00FFFA40 /* SettingsTimerTableViewCell.swift */,
				A320B9212201CC5B00FFFA40 /* SettingsYourDataTableViewCell.swift */,
			);
			path = Cells;
			sourceTree = "<group>";
		};
		A32DD1631F90F0A9009D13CE /* Resources */ = {
			isa = PBXGroup;
			children = (
				A34B8DF11FA2175D00E62356 /* timerSound.wav */,
				A32DD1661F90F0D1009D13CE /* CaviarDreams_Bold.ttf */,
				A32DD1641F90F0D1009D13CE /* CaviarDreams_BoldItalic.ttf */,
				A32DD1671F90F0D2009D13CE /* CaviarDreams_Italic.ttf */,
				A32DD1651F90F0D1009D13CE /* CaviarDreams.ttf */,
			);
			path = Resources;
			sourceTree = "<group>";
		};
		A32DD16C1F90F3B5009D13CE /* Extensions */ = {
			isa = PBXGroup;
			children = (
				A32DD16D1F90F3CF009D13CE /* ViewController+Extension.swift */,
				A308E26821F79BBC001D2FE8 /* UIColor+Extension.swift */,
				A391ADEA21FBA42D002A7D04 /* UIView+Extension.swift */,
				A3C9D59B22072BEF00401E08 /* CGFloat+Extension.swift */,
			);
			path = Extensions;
			sourceTree = "<group>";
		};
		A32DD1721F90FC03009D13CE /* Persistency */ = {
			isa = PBXGroup;
			children = (
				A32DD1731F90FC23009D13CE /* UserData.swift */,
				A3D9DEF122019D6600BCCAF4 /* PersistencyController.swift */,
				A35127D722047536007D024F /* FileManager.swift */,
			);
			path = Persistency;
			sourceTree = "<group>";
		};
		A334FED41F923DA100C2D389 /* HistoryDetails */ = {
			isa = PBXGroup;
			children = (
				A38266EA1F93E85800646603 /* DetailsDataSource.swift */,
				A38266EE1F93E9B000646603 /* DetailsViewController.swift */,
				A38266F51F93F60C00646603 /* DetailsTableViewCell.swift */,
				A38266F71F93F75E00646603 /* DetailsDelegate.swift */,
				A3034F951F9BDA57004D83C4 /* DetailsCardioTableViewCell.swift */,
			);
			path = HistoryDetails;
			sourceTree = "<group>";
		};
		A350271E1F9B661D00E2F4B0 /* Controller */ = {
			isa = PBXGroup;
			children = (
				A35027211F9B664C00E2F4B0 /* StatisticsControllerOld.swift */,
			);
			path = Controller;
			sourceTree = "<group>";
		};
		A350271F1F9B662600E2F4B0 /* Muscle */ = {
			isa = PBXGroup;
			children = (
				A35027231F9B667400E2F4B0 /* MuscleStatisticViewController.swift */,
				A35027251F9B668A00E2F4B0 /* MuscleStatisticCollectionViewCell.swift */,
				A35027271F9B66A600E2F4B0 /* MuscleStatisticDataSource.swift */,
				A35027291F9B66C100E2F4B0 /* MuscleStatisticDelegateFlowLayout.swift */,
			);
			path = Muscle;
			sourceTree = "<group>";
		};
		A35027201F9B663100E2F4B0 /* Exercise */ = {
			isa = PBXGroup;
			children = (
				A350272B1F9B689A00E2F4B0 /* ExerciseStatisticViewController.swift */,
				A355C4891F9B9A5B00F2350B /* CollectionViewCategory */,
				A355C48A1F9B9A7A00F2350B /* CollectionViewExercise */,
			);
			path = Exercise;
			sourceTree = "<group>";
		};
		A353A5B51F9158A3006B9E2C /* WorkoutList */ = {
			isa = PBXGroup;
			children = (
				A353A5B71F9158D1006B9E2C /* MyWorkoutTableViewCell.swift */,
				A353A5B91F91595F006B9E2C /* MyWorkoutTableViewController.swift */,
				A353A5BB1F915B24006B9E2C /* MyWorkoutDelegate.swift */,
				A353A5BD1F915B36006B9E2C /* MyWorkoutDataSource.swift */,
			);
			path = WorkoutList;
			sourceTree = "<group>";
		};
		A353A5B61F9158AB006B9E2C /* WorkoutHistory */ = {
			isa = PBXGroup;
			children = (
				A3BC597A1F9236880050CD6D /* MyWorkoutHistoryTableViewController.swift */,
				A3BC597C1F9236AB0050CD6D /* MyWorkoutHistoryTableViewCell.swift */,
				A3BC597E1F9237870050CD6D /* MyWorkoutHistoryDelegate.swift */,
				A3BC59801F9237970050CD6D /* MyWorkoutHistoryDataSource.swift */,
			);
			path = WorkoutHistory;
			sourceTree = "<group>";
		};
		A353A5BF1F915B94006B9E2C /* Controller */ = {
			isa = PBXGroup;
			children = (
				A353A5C01F915BA4006B9E2C /* MyWorkoutController.swift */,
				A3BC59821F9239DC0050CD6D /* MyWorkoutHistoryController.swift */,
				A3CD45A01F937CC000826F47 /* EditMyWorkoutController.swift */,
			);
			path = Controller;
			sourceTree = "<group>";
		};
		A355C4891F9B9A5B00F2350B /* CollectionViewCategory */ = {
			isa = PBXGroup;
			children = (
				A355C48B1F9B9AB500F2350B /* ExerciseStatisticCategoryCollectionViewCell.swift */,
				A355C48D1F9B9AE000F2350B /* ExerciseStatisticCategoryDataSource.swift */,
				A355C48F1F9B9B0300F2350B /* ExerciseStatisticCategoryDelegateFlowLayout.swift */,
			);
			path = CollectionViewCategory;
			sourceTree = "<group>";
		};
		A355C48A1F9B9A7A00F2350B /* CollectionViewExercise */ = {
			isa = PBXGroup;
			children = (
				A355C4951F9B9B4900F2350B /* ExerciseStatisticExerciseCollectionViewCell.swift */,
				A355C4931F9B9B2F00F2350B /* ExerciseStatisticExerciseDataSource.swift */,
				A355C4911F9B9B1C00F2350B /* ExerciseStatisticExerciseDelegateFlowLayout.swift */,
			);
			path = CollectionViewExercise;
			sourceTree = "<group>";
		};
		A35789741F97D84200F18FB3 /* CurrentWorkout */ = {
			isa = PBXGroup;
			children = (
				A3B3E9F21F98DECE00CCC3CC /* Controller */,
				A35789771F97D8BF00F18FB3 /* CurrentWorkoutCollectionViewCell.swift */,
				A3C08EFD1F9C91910070DB11 /* CurrentWorkoutCardioCollectionViewCell.swift */,
				A3C38EA31F991E9C00B35D5E /* CurrentWorkoutViewController.swift */,
				A35789791F97DA2F00F18FB3 /* CurrentWorkoutDataSource.swift */,
				A3C38EA51F99248D00B35D5E /* CurrentWorkoutDelegateFlowLayout.swift */,
				A3D100541F98F404004AB5D8 /* InputTableView */,
				A3881C991F9932F4000601AD /* NotesExplanation */,
				A31715C41F9A734A005D420F /* Timer */,
			);
			path = CurrentWorkout;
			sourceTree = "<group>";
		};
		A35AA69E22116C8000A6CD10 /* GeneralStatistics */ = {
			isa = PBXGroup;
			children = (
				A35AA6A622116F3500A6CD10 /* StatisticsGeneralCollectionViewCell.swift */,
			);
			path = GeneralStatistics;
			sourceTree = "<group>";
		};
		A35AA69F22116C8900A6CD10 /* ExerciseStatistics */ = {
			isa = PBXGroup;
			children = (
				A35AA6A822116F4000A6CD10 /* StatisticsExerciseCollectionViewCell.swift */,
			);
			path = ExerciseStatistics;
			sourceTree = "<group>";
		};
		A35F8AF921FC6F9C00062800 /* Exercises */ = {
			isa = PBXGroup;
			children = (
				A35F8AFB21FC6FC700062800 /* ExercisesCollectionViewController.swift */,
				A35F8AFD21FC6FE200062800 /* ExercisesCollectionViewDataSource.swift */,
				A35F8AFF21FC6FF900062800 /* ExercisesCollectionViewDelegate.swift */,
				A35F8B0121FC700800062800 /* ExercisesCollectionViewCell.swift */,
				A3AC807D21FDF8A4000DE1EF /* ExercisesSubscriber.swift */,
			);
			path = Exercises;
			sourceTree = "<group>";
		};
		A35F8AFA21FC6FAC00062800 /* Categories */ = {
			isa = PBXGroup;
			children = (
				A391ADE221FB94C0002A7D04 /* ExercisesCategoryCollectionViewController.swift */,
				A391ADE421FB94E4002A7D04 /* ExercisesCategoryCollectionViewDelegate.swift */,
				A391ADE621FB94F9002A7D04 /* ExercisesCategoryCollectionViewDataSource.swift */,
				A391ADE821FB95B5002A7D04 /* ExercisesCategoryCollectionViewCell.swift */,
			);
			path = Categories;
			sourceTree = "<group>";
		};
		A37EE6D01F915D9B003F6B6B /* EditMyWorkout */ = {
			isa = PBXGroup;
			children = (
				A37EE6D31F91626B003F6B6B /* EditMyWorkoutViewController.swift */,
				A37EE6D51F916651003F6B6B /* MyWorkoutExercisesTableViewCell.swift */,
				A37EE6D71F916709003F6B6B /* EditMyWorkoutDelegate.swift */,
				A37EE6D91F91671B003F6B6B /* EditMyWorkoutDataSource.swift */,
			);
			path = EditMyWorkout;
			sourceTree = "<group>";
		};
		A3881C991F9932F4000601AD /* NotesExplanation */ = {
			isa = PBXGroup;
			children = (
				A3881C9A1F993311000601AD /* NotesExplanationViewController.swift */,
			);
			path = NotesExplanation;
			sourceTree = "<group>";
		};
		A391ADDC21FB9422002A7D04 /* New Stuff */ = {
			isa = PBXGroup;
			children = (
				A391ADE121FB9471002A7D04 /* View */,
				A3D9DEFB2201AF6C00BCCAF4 /* Controllers */,
				A3D9DEF022019BBC00BCCAF4 /* Models */,
				A32DD1721F90FC03009D13CE /* Persistency */,
				A31BFC8F21F667BB003214C2 /* Navigation */,
				A31BFC8621F66375003214C2 /* ReSwift */,
				A32DD16C1F90F3B5009D13CE /* Extensions */,
				A308E26421F79B67001D2FE8 /* Helpers */,
				A3AE4A2521F74E9F007A97AB /* Logging */,
				A32DD1631F90F0A9009D13CE /* Resources */,
			);
			path = "New Stuff";
			sourceTree = "<group>";
		};
		A391ADDD21FB9441002A7D04 /* Tab - Exercises */ = {
			isa = PBXGroup;
			children = (
				A35F8AFA21FC6FAC00062800 /* Categories */,
				A35F8AF921FC6F9C00062800 /* Exercises */,
				A392B7F9220C59660030FBD4 /* EditExercise */,
				A392B804220C6CCB0030FBD4 /* ExerciseController.swift */,
			);
			path = "Tab - Exercises";
			sourceTree = "<group>";
		};
		A391ADDE21FB944D002A7D04 /* Tab - AddWorkout */ = {
			isa = PBXGroup;
			children = (
			);
			path = "Tab - AddWorkout";
			sourceTree = "<group>";
		};
		A391ADDF21FB9456002A7D04 /* Tab - Settings */ = {
			isa = PBXGroup;
			children = (
				A320B9162201B8E700FFFA40 /* Cells */,
				A3D9DF012201B64D00BCCAF4 /* SettingsTableViewController.swift */,
				A320B9172201B96900FFFA40 /* SettingsTableViewDataSource.swift */,
				A320B9192201B9A100FFFA40 /* SettingsTableViewDelegate.swift */,
				A33F8559220324D900E971E7 /* LicensesViewController.swift */,
				A35127CF220454B9007D024F /* SettingsSubscriber.swift */,
			);
			path = "Tab - Settings";
			sourceTree = "<group>";
		};
		A391ADE021FB945D002A7D04 /* Tab - Statistics */ = {
			isa = PBXGroup;
			children = (
				A3D9802322118909006E0B68 /* Stats */,
				A35AA6A022116CB100A6CD10 /* MainStatisticsViewController.swift */,
				A35AA6A222116DEC00A6CD10 /* MainStatisticsCollectionViewDataSource.swift */,
				A35AA6A422116E0200A6CD10 /* MainStatisticsCollectionViewDelegate.swift */,
				A35AA69E22116C8000A6CD10 /* GeneralStatistics */,
				A35AA69F22116C8900A6CD10 /* ExerciseStatistics */,
			);
			path = "Tab - Statistics";
			sourceTree = "<group>";
		};
		A391ADE121FB9471002A7D04 /* View */ = {
			isa = PBXGroup;
			children = (
				A391ADEC21FBA930002A7D04 /* CustomViews */,
				A391ADDE21FB944D002A7D04 /* Tab - AddWorkout */,
				A391ADDD21FB9441002A7D04 /* Tab - Exercises */,
				A391ADE021FB945D002A7D04 /* Tab - Statistics */,
				A391ADDF21FB9456002A7D04 /* Tab - Settings */,
			);
			path = View;
			sourceTree = "<group>";
		};
		A391ADEC21FBA930002A7D04 /* CustomViews */ = {
			isa = PBXGroup;
			children = (
				A391ADED21FBA948002A7D04 /* NRButton.swift */,
				A3C9D5992207277A00401E08 /* NRLabel.swift */,
				A3DFA66022084CC400E05DF4 /* NRDefaultTableViewCell.swift */,
			);
			path = CustomViews;
			sourceTree = "<group>";
		};
		A392B7F9220C59660030FBD4 /* EditExercise */ = {
			isa = PBXGroup;
			children = (
				A392B7FA220C597A0030FBD4 /* EditExerciseViewController.swift */,
				A392B7FC220C599B0030FBD4 /* EditExerciseSubscriber.swift */,
			);
			path = EditExercise;
			sourceTree = "<group>";
		};
		A3A09C1B1F9111D800CD01AF /* Category */ = {
			isa = PBXGroup;
			children = (
				A3A09C1E1F9111F900CD01AF /* CategoryViewController.swift */,
			);
			path = Category;
			sourceTree = "<group>";
		};
		A3A09C201F91137700CD01AF /* Exercises */ = {
			isa = PBXGroup;
			children = (
				A3A09C2C1F91385C00CD01AF /* ExerciseList */,
				A3A09C2D1F91386800CD01AF /* ExerciseEdit */,
				A3A09C291F9134E800CD01AF /* Controller */,
			);
			path = Exercises;
			sourceTree = "<group>";
		};
		A3A09C291F9134E800CD01AF /* Controller */ = {
			isa = PBXGroup;
			children = (
				A3A09C2A1F9134F800CD01AF /* ExercisesController.swift */,
				A39C2A1A1F91452400AFF8C6 /* EditController.swift */,
			);
			path = Controller;
			sourceTree = "<group>";
		};
		A3A09C2C1F91385C00CD01AF /* ExerciseList */ = {
			isa = PBXGroup;
			children = (
				A3A09C211F91139100CD01AF /* ExercisesTableViewController.swift */,
				A3A09C231F91185800CD01AF /* ExercisesTableViewCell.swift */,
				A3A09C251F91347600CD01AF /* ExercisesDelegate.swift */,
				A3A09C271F91348B00CD01AF /* ExercisesDataSource.swift */,
				A3020F5C1F9BCE1600A57A5C /* ExercisesCardioTableViewCell.swift */,
			);
			path = ExerciseList;
			sourceTree = "<group>";
		};
		A3A09C2D1F91386800CD01AF /* ExerciseEdit */ = {
			isa = PBXGroup;
			children = (
				A3A09C2E1F91388900CD01AF /* EditExerciseTableViewController.swift */,
			);
			path = ExerciseEdit;
			sourceTree = "<group>";
		};
		A3AE4A2021F74DF5007A97AB /* TabBar */ = {
			isa = PBXGroup;
			children = (
				A3AE4A2121F74E0C007A97AB /* MainTabBarController.swift */,
				A3AE4A2321F74E2A007A97AB /* TabBarDestination.swift */,
			);
			path = TabBar;
			sourceTree = "<group>";
		};
		A3AE4A2521F74E9F007A97AB /* Logging */ = {
			isa = PBXGroup;
			children = (
				A3AE4A2621F74EF3007A97AB /* LoggingProxy.swift */,
				A3AE4A2821F74F32007A97AB /* LogginConfiguration.swift */,
				A3AE4A2B21F75004007A97AB /* EmojiModifier.swift */,
			);
			path = Logging;
			sourceTree = "<group>";
		};
		A3B3E9F21F98DECE00CCC3CC /* Controller */ = {
			isa = PBXGroup;
			children = (
				A3B3E9F31F98DEDC00CCC3CC /* CurrentWorkoutController.swift */,
				A31715C71F9A7662005D420F /* TimerController.swift */,
			);
			path = Controller;
			sourceTree = "<group>";
		};
		A3CD45A21F93806800826F47 /* Rearranging */ = {
			isa = PBXGroup;
			children = (
				A39AB52D1F93AAA6000B6DBF /* MyWorkoutRearrangingTableViewController.swift */,
				A39AB52F1F93AAD0000B6DBF /* RearrangingDataSource.swift */,
				A39AB5311F93AADF000B6DBF /* RearrangingTableViewCell.swift */,
				A38266E81F93E70300646603 /* RearrangingDelegate.swift */,
			);
			path = Rearranging;
			sourceTree = "<group>";
		};
		A3D100541F98F404004AB5D8 /* InputTableView */ = {
			isa = PBXGroup;
			children = (
				A3D100551F98F423004AB5D8 /* InputDataSource.swift */,
				A3D100571F98F431004AB5D8 /* InputDelegate.swift */,
				A3D100591F98F492004AB5D8 /* InputTableViewCell.swift */,
			);
			path = InputTableView;
			sourceTree = "<group>";
		};
		A3D9802322118909006E0B68 /* Stats */ = {
			isa = PBXGroup;
			children = (
				A35AA6AA2211857900A6CD10 /* StatisticsStatsCollectionViewCell.swift */,
				A35AA6AC2211877E00A6CD10 /* StatisticsStatsCollectionViewDataSource.swift */,
				A35AA6AE221187A900A6CD10 /* StatisticsStatsCollectionViewDelegate.swift */,
			);
			path = Stats;
			sourceTree = "<group>";
		};
		A3D9DEF022019BBC00BCCAF4 /* Models */ = {
			isa = PBXGroup;
			children = (
				A3A09C131F91002C00CD01AF /* MyWorkout.swift */,
				A3D9DEF52201A7BB00BCCAF4 /* WorkoutHistory.swift */,
				A3D9DEFF2201B24300BCCAF4 /* Statistics.swift */,
				A3A09C151F91003400CD01AF /* Exercise.swift */,
				A3D9DEF32201A25F00BCCAF4 /* Unit.swift */,
				A39C2A181F913B1400AFF8C6 /* DefaultExercises.swift */,
				A3D9DEF72201A9AD00BCCAF4 /* Category.swift */,
				A3D9DEF92201AABA00BCCAF4 /* Set.swift */,
				A3D9802422118A51006E0B68 /* Stat.swift */,
			);
			path = Models;
			sourceTree = "<group>";
		};
		A3D9DEFB2201AF6C00BCCAF4 /* Controllers */ = {
			isa = PBXGroup;
			children = (
				A3A09C191F9105FB00CD01AF /* SettingsController.swift */,
				A3D9DEFD2201B00900BCCAF4 /* AudioPlayer.swift */,
				A3DFA65E220849DF00E05DF4 /* UnitConverter.swift */,
				A35AA6B0221187D500A6CD10 /* StatisticsController.swift */,
			);
			path = Controllers;
			sourceTree = "<group>";
		};
		A3E0730C1F90ED310099A7B8 = {
			isa = PBXGroup;
			children = (
				A3E073171F90ED320099A7B8 /* NoRest */,
				A3E073161F90ED320099A7B8 /* Products */,
				27415D60448D17B0D5D48F39 /* Pods */,
				9AEE8A85CB10265C3BE2997D /* Frameworks */,
			);
			sourceTree = "<group>";
		};
		A3E073161F90ED320099A7B8 /* Products */ = {
			isa = PBXGroup;
			children = (
				A3E073151F90ED320099A7B8 /* NoRest.app */,
			);
			name = Products;
			sourceTree = "<group>";
		};
		A3E073171F90ED320099A7B8 /* NoRest */ = {
			isa = PBXGroup;
			children = (
				A391ADDC21FB9422002A7D04 /* New Stuff */,
				A3E0734F1F90EF800099A7B8 /* Menu */,
				A3E073471F90EE830099A7B8 /* MyWorkout */,
				A35789741F97D84200F18FB3 /* CurrentWorkout */,
				A3E073481F90EE8E0099A7B8 /* Exercises */,
				A3E073491F90EE970099A7B8 /* Statistics */,
				A3E0734A1F90EEAC0099A7B8 /* About */,
				A3E073181F90ED320099A7B8 /* AppDelegate.swift */,
				A3E0731C1F90ED320099A7B8 /* Main.storyboard */,
				A3E0731F1F90ED320099A7B8 /* Assets.xcassets */,
				A3E073211F90ED320099A7B8 /* LaunchScreen.storyboard */,
				A3E073241F90ED320099A7B8 /* Info.plist */,
			);
			path = NoRest;
			sourceTree = "<group>";
		};
		A3E073471F90EE830099A7B8 /* MyWorkout */ = {
			isa = PBXGroup;
			children = (
				A353A5BF1F915B94006B9E2C /* Controller */,
				A353A5B51F9158A3006B9E2C /* WorkoutList */,
				A37EE6D01F915D9B003F6B6B /* EditMyWorkout */,
				A3CD45A21F93806800826F47 /* Rearranging */,
				A353A5B61F9158AB006B9E2C /* WorkoutHistory */,
				A334FED41F923DA100C2D389 /* HistoryDetails */,
			);
			path = MyWorkout;
			sourceTree = "<group>";
		};
		A3E073481F90EE8E0099A7B8 /* Exercises */ = {
			isa = PBXGroup;
			children = (
				A3A09C1B1F9111D800CD01AF /* Category */,
				A3A09C201F91137700CD01AF /* Exercises */,
			);
			path = Exercises;
			sourceTree = "<group>";
		};
		A3E073491F90EE970099A7B8 /* Statistics */ = {
			isa = PBXGroup;
			children = (
				A350271E1F9B661D00E2F4B0 /* Controller */,
				A350271F1F9B662600E2F4B0 /* Muscle */,
				A35027201F9B663100E2F4B0 /* Exercise */,
			);
			path = Statistics;
			sourceTree = "<group>";
		};
		A3E0734A1F90EEAC0099A7B8 /* About */ = {
			isa = PBXGroup;
			children = (
				A3E0734B1F90EECD0099A7B8 /* AboutViewController.swift */,
			);
			path = About;
			sourceTree = "<group>";
		};
		A3E0734F1F90EF800099A7B8 /* Menu */ = {
			isa = PBXGroup;
			children = (
				A3E073501F90EF8C0099A7B8 /* MenuViewController.swift */,
			);
			path = Menu;
			sourceTree = "<group>";
		};
/* End PBXGroup section */

/* Begin PBXNativeTarget section */
		A3E073141F90ED310099A7B8 /* NoRest */ = {
			isa = PBXNativeTarget;
			buildConfigurationList = A3E0733D1F90ED320099A7B8 /* Build configuration list for PBXNativeTarget "NoRest" */;
			buildPhases = (
				A8FEBA44CDA7BE67E5B66D6C /* [CP] Check Pods Manifest.lock */,
				A3E073111F90ED310099A7B8 /* Sources */,
				A3E073121F90ED310099A7B8 /* Frameworks */,
				A3E073131F90ED310099A7B8 /* Resources */,
				F5FBFDF39155CD6BC7C486A7 /* [CP] Embed Pods Frameworks */,
			);
			buildRules = (
			);
			dependencies = (
			);
			name = NoRest;
			productName = Push;
			productReference = A3E073151F90ED320099A7B8 /* NoRest.app */;
			productType = "com.apple.product-type.application";
		};
/* End PBXNativeTarget section */

/* Begin PBXProject section */
		A3E0730D1F90ED310099A7B8 /* Project object */ = {
			isa = PBXProject;
			attributes = {
				LastSwiftUpdateCheck = 0900;
				LastUpgradeCheck = 1010;
				ORGANIZATIONNAME = "Patrick Niepel";
				TargetAttributes = {
					A3E073141F90ED310099A7B8 = {
						CreatedOnToolsVersion = 9.0;
						LastSwiftMigration = 1010;
						ProvisioningStyle = Automatic;
					};
				};
			};
			buildConfigurationList = A3E073101F90ED310099A7B8 /* Build configuration list for PBXProject "NoRest" */;
			compatibilityVersion = "Xcode 8.0";
			developmentRegion = en;
			hasScannedForEncodings = 0;
			knownRegions = (
				en,
				Base,
			);
			mainGroup = A3E0730C1F90ED310099A7B8;
			productRefGroup = A3E073161F90ED320099A7B8 /* Products */;
			projectDirPath = "";
			projectRoot = "";
			targets = (
				A3E073141F90ED310099A7B8 /* NoRest */,
			);
		};
/* End PBXProject section */

/* Begin PBXResourcesBuildPhase section */
		A3E073131F90ED310099A7B8 /* Resources */ = {
			isa = PBXResourcesBuildPhase;
			buildActionMask = 2147483647;
			files = (
				A3E073231F90ED320099A7B8 /* LaunchScreen.storyboard in Resources */,
				A3E073201F90ED320099A7B8 /* Assets.xcassets in Resources */,
				A3E0731E1F90ED320099A7B8 /* Main.storyboard in Resources */,
				A32DD16A1F90F0D2009D13CE /* CaviarDreams_Bold.ttf in Resources */,
				A34B8DF21FA2175D00E62356 /* timerSound.wav in Resources */,
				A32DD16B1F90F0D2009D13CE /* CaviarDreams_Italic.ttf in Resources */,
				A32DD1691F90F0D2009D13CE /* CaviarDreams.ttf in Resources */,
				A32DD1681F90F0D2009D13CE /* CaviarDreams_BoldItalic.ttf in Resources */,
			);
			runOnlyForDeploymentPostprocessing = 0;
		};
/* End PBXResourcesBuildPhase section */

/* Begin PBXShellScriptBuildPhase section */
		A8FEBA44CDA7BE67E5B66D6C /* [CP] Check Pods Manifest.lock */ = {
			isa = PBXShellScriptBuildPhase;
			buildActionMask = 2147483647;
			files = (
			);
			inputFileListPaths = (
			);
			inputPaths = (
				"${PODS_PODFILE_DIR_PATH}/Podfile.lock",
				"${PODS_ROOT}/Manifest.lock",
			);
			name = "[CP] Check Pods Manifest.lock";
			outputFileListPaths = (
			);
			outputPaths = (
				"$(DERIVED_FILE_DIR)/Pods-NoRest-checkManifestLockResult.txt",
			);
			runOnlyForDeploymentPostprocessing = 0;
			shellPath = /bin/sh;
			shellScript = "diff \"${PODS_PODFILE_DIR_PATH}/Podfile.lock\" \"${PODS_ROOT}/Manifest.lock\" > /dev/null\nif [ $? != 0 ] ; then\n    # print error to STDERR\n    echo \"error: The sandbox is not in sync with the Podfile.lock. Run 'pod install' or update your CocoaPods installation.\" >&2\n    exit 1\nfi\n# This output is used by Xcode 'outputs' to avoid re-running this script phase.\necho \"SUCCESS\" > \"${SCRIPT_OUTPUT_FILE_0}\"\n";
			showEnvVarsInLog = 0;
		};
		F5FBFDF39155CD6BC7C486A7 /* [CP] Embed Pods Frameworks */ = {
			isa = PBXShellScriptBuildPhase;
			buildActionMask = 2147483647;
			files = (
			);
			inputFileListPaths = (
			);
			inputPaths = (
				"${SRCROOT}/Pods/Target Support Files/Pods-NoRest/Pods-NoRest-frameworks.sh",
				"${BUILT_PRODUCTS_DIR}/ReSwift/ReSwift.framework",
				"${BUILT_PRODUCTS_DIR}/SCLAlertView/SCLAlertView.framework",
				"${BUILT_PRODUCTS_DIR}/Willow/Willow.framework",
			);
			name = "[CP] Embed Pods Frameworks";
			outputFileListPaths = (
			);
			outputPaths = (
				"${TARGET_BUILD_DIR}/${FRAMEWORKS_FOLDER_PATH}/ReSwift.framework",
				"${TARGET_BUILD_DIR}/${FRAMEWORKS_FOLDER_PATH}/SCLAlertView.framework",
				"${TARGET_BUILD_DIR}/${FRAMEWORKS_FOLDER_PATH}/Willow.framework",
			);
			runOnlyForDeploymentPostprocessing = 0;
			shellPath = /bin/sh;
			shellScript = "\"${SRCROOT}/Pods/Target Support Files/Pods-NoRest/Pods-NoRest-frameworks.sh\"\n";
			showEnvVarsInLog = 0;
		};
/* End PBXShellScriptBuildPhase section */

/* Begin PBXSourcesBuildPhase section */
		A3E073111F90ED310099A7B8 /* Sources */ = {
			isa = PBXSourcesBuildPhase;
			buildActionMask = 2147483647;
			files = (
				A3BC59831F9239DC0050CD6D /* MyWorkoutHistoryController.swift in Sources */,
				A31715C81F9A7662005D420F /* TimerController.swift in Sources */,
				A35AA6AF221187A900A6CD10 /* StatisticsStatsCollectionViewDelegate.swift in Sources */,
				A3D100561F98F423004AB5D8 /* InputDataSource.swift in Sources */,
				A320B91A2201B9A100FFFA40 /* SettingsTableViewDelegate.swift in Sources */,
				A392B7FD220C599B0030FBD4 /* EditExerciseSubscriber.swift in Sources */,
				A35AA6AD2211877E00A6CD10 /* StatisticsStatsCollectionViewDataSource.swift in Sources */,
				A35127D22204558B007D024F /* ResetDataAction.swift in Sources */,
				A355C4961F9B9B4900F2350B /* ExerciseStatisticExerciseCollectionViewCell.swift in Sources */,
				A392B805220C6CCB0030FBD4 /* ExerciseController.swift in Sources */,
				A35AA6A722116F3500A6CD10 /* StatisticsGeneralCollectionViewCell.swift in Sources */,
				A3D9DEFE2201B00900BCCAF4 /* AudioPlayer.swift in Sources */,
				A31BFC9A21F66865003214C2 /* NavigationState.swift in Sources */,
				A391ADE921FB95B5002A7D04 /* ExercisesCategoryCollectionViewCell.swift in Sources */,
				A31BFC8E21F66684003214C2 /* AppReducer.swift in Sources */,
				A3DFA65F220849DF00E05DF4 /* UnitConverter.swift in Sources */,
				A35027221F9B664C00E2F4B0 /* StatisticsControllerOld.swift in Sources */,
				A3BC597F1F9237870050CD6D /* MyWorkoutHistoryDelegate.swift in Sources */,
				A38266EB1F93E85800646603 /* DetailsDataSource.swift in Sources */,
				A392B803220C5AF00030FBD4 /* EditExerciseAction.swift in Sources */,
				A32DD1741F90FC23009D13CE /* UserData.swift in Sources */,
				A35027261F9B668A00E2F4B0 /* MuscleStatisticCollectionViewCell.swift in Sources */,
				A353A5C11F915BA4006B9E2C /* MyWorkoutController.swift in Sources */,
				A32DD16E1F90F3CF009D13CE /* ViewController+Extension.swift in Sources */,
				A35127D822047536007D024F /* FileManager.swift in Sources */,
				A3BC59811F9237970050CD6D /* MyWorkoutHistoryDataSource.swift in Sources */,
				A31715C61F9A7359005D420F /* TimerViewController.swift in Sources */,
				A3A09C141F91002C00CD01AF /* MyWorkout.swift in Sources */,
				A357897A1F97DA2F00F18FB3 /* CurrentWorkoutDataSource.swift in Sources */,
				A3A09C2B1F9134F800CD01AF /* ExercisesController.swift in Sources */,
				A355C4921F9B9B1C00F2350B /* ExerciseStatisticExerciseDelegateFlowLayout.swift in Sources */,
				A37EE6D61F916651003F6B6B /* MyWorkoutExercisesTableViewCell.swift in Sources */,
				A37EE6DA1F91671B003F6B6B /* EditMyWorkoutDataSource.swift in Sources */,
				A39AB5321F93AADF000B6DBF /* RearrangingTableViewCell.swift in Sources */,
				A35AA6A522116E0200A6CD10 /* MainStatisticsCollectionViewDelegate.swift in Sources */,
				A31BFC9621F66831003214C2 /* InvalidateRoutingAction.swift in Sources */,
				A350272A1F9B66C100E2F4B0 /* MuscleStatisticDelegateFlowLayout.swift in Sources */,
				A3AC807A21FDF79C000DE1EF /* ExercisesState.swift in Sources */,
				A35127D0220454B9007D024F /* SettingsSubscriber.swift in Sources */,
				A3AE4A2C21F75004007A97AB /* EmojiModifier.swift in Sources */,
				A3C9D59A2207277A00401E08 /* NRLabel.swift in Sources */,
				A35F8B0021FC6FF900062800 /* ExercisesCollectionViewDelegate.swift in Sources */,
				A3C9D59C22072BEF00401E08 /* CGFloat+Extension.swift in Sources */,
				A39C2A1B1F91452400AFF8C6 /* EditController.swift in Sources */,
				A3A09C221F91139100CD01AF /* ExercisesTableViewController.swift in Sources */,
				A3AE4A2421F74E2A007A97AB /* TabBarDestination.swift in Sources */,
				A353A5BA1F91595F006B9E2C /* MyWorkoutTableViewController.swift in Sources */,
				A3D9DEFA2201AABA00BCCAF4 /* Set.swift in Sources */,
				A3A09C1F1F9111F900CD01AF /* CategoryViewController.swift in Sources */,
				A3AC807E21FDF8A4000DE1EF /* ExercisesSubscriber.swift in Sources */,
				A31BFCA321F66C53003214C2 /* DefaultNavigationController.swift in Sources */,
				A391ADE521FB94E4002A7D04 /* ExercisesCategoryCollectionViewDelegate.swift in Sources */,
				A38266E91F93E70300646603 /* RearrangingDelegate.swift in Sources */,
				A3AE4A1D21F74CCE007A97AB /* LoggingMiddleware.swift in Sources */,
				A3A09C1A1F9105FB00CD01AF /* SettingsController.swift in Sources */,
				A31BFC9C21F66883003214C2 /* RouteAction.swift in Sources */,
				A3D9DEF82201A9AD00BCCAF4 /* Category.swift in Sources */,
				A31BFC9821F6684D003214C2 /* NavigationReducer.swift in Sources */,
				A308E26921F79BBC001D2FE8 /* UIColor+Extension.swift in Sources */,
				A320B91E2201CC3E00FFFA40 /* SettingsUnitTableViewCell.swift in Sources */,
				A3BC597B1F9236880050CD6D /* MyWorkoutHistoryTableViewController.swift in Sources */,
				A3D9DEF42201A25F00BCCAF4 /* Unit.swift in Sources */,
				A355C48C1F9B9AB500F2350B /* ExerciseStatisticCategoryCollectionViewCell.swift in Sources */,
				A353A5BE1F915B36006B9E2C /* MyWorkoutDataSource.swift in Sources */,
				A3020F5D1F9BCE1600A57A5C /* ExercisesCardioTableViewCell.swift in Sources */,
				A35789781F97D8BF00F18FB3 /* CurrentWorkoutCollectionViewCell.swift in Sources */,
				A3AE4A1F21F74D61007A97AB /* RouteDestination.swift in Sources */,
				A3E0734C1F90EECD0099A7B8 /* AboutViewController.swift in Sources */,
				A3A09C261F91347600CD01AF /* ExercisesDelegate.swift in Sources */,
				A3C38EA61F99248D00B35D5E /* CurrentWorkoutDelegateFlowLayout.swift in Sources */,
				A3DFA66122084CC400E05DF4 /* NRDefaultTableViewCell.swift in Sources */,
				A308E26621F79B87001D2FE8 /* NRConstants.swift in Sources */,
				A3A09C2F1F91388900CD01AF /* EditExerciseTableViewController.swift in Sources */,
				A35AA6A922116F4000A6CD10 /* StatisticsExerciseCollectionViewCell.swift in Sources */,
				A35027281F9B66A600E2F4B0 /* MuscleStatisticDataSource.swift in Sources */,
				A39AB52E1F93AAA6000B6DBF /* MyWorkoutRearrangingTableViewController.swift in Sources */,
				A3D1005A1F98F492004AB5D8 /* InputTableViewCell.swift in Sources */,
				A3D9802522118A51006E0B68 /* Stat.swift in Sources */,
				A3BC597D1F9236AB0050CD6D /* MyWorkoutHistoryTableViewCell.swift in Sources */,
				A31BFC9221F667CF003214C2 /* AppCoordinator.swift in Sources */,
				A3AC807C21FDF7D6000DE1EF /* ExercisesReducer.swift in Sources */,
				A392B7FB220C597A0030FBD4 /* EditExerciseViewController.swift in Sources */,
				A35AA6A122116CB100A6CD10 /* MainStatisticsViewController.swift in Sources */,
				A3A09C281F91348B00CD01AF /* ExercisesDataSource.swift in Sources */,
				A3D9DEF222019D6600BCCAF4 /* PersistencyController.swift in Sources */,
				A3034F961F9BDA57004D83C4 /* DetailsCardioTableViewCell.swift in Sources */,
				A3C38EA41F991E9C00B35D5E /* CurrentWorkoutViewController.swift in Sources */,
				A37EE6D81F916709003F6B6B /* EditMyWorkoutDelegate.swift in Sources */,
				A355C4901F9B9B0300F2350B /* ExerciseStatisticCategoryDelegateFlowLayout.swift in Sources */,
				A3E073511F90EF8C0099A7B8 /* MenuViewController.swift in Sources */,
				A3D9DEF62201A7BB00BCCAF4 /* WorkoutHistory.swift in Sources */,
				A391ADE721FB94F9002A7D04 /* ExercisesCategoryCollectionViewDataSource.swift in Sources */,
				A3D100581F98F431004AB5D8 /* InputDelegate.swift in Sources */,
				A35F8AFC21FC6FC700062800 /* ExercisesCollectionViewController.swift in Sources */,
				A3E073191F90ED320099A7B8 /* AppDelegate.swift in Sources */,
				A35AA6A322116DEC00A6CD10 /* MainStatisticsCollectionViewDataSource.swift in Sources */,
				A3881C9B1F993311000601AD /* NotesExplanationViewController.swift in Sources */,
				A391ADEE21FBA948002A7D04 /* NRButton.swift in Sources */,
				A38266F81F93F75E00646603 /* DetailsDelegate.swift in Sources */,
				A35127D62204560D007D024F /* SettingsState.swift in Sources */,
				A3C08EFE1F9C91910070DB11 /* CurrentWorkoutCardioCollectionViewCell.swift in Sources */,
				A320B9202201CC4D00FFFA40 /* SettingsTimerTableViewCell.swift in Sources */,
				A37EE6D41F91626B003F6B6B /* EditMyWorkoutViewController.swift in Sources */,
				A3AC807821FDF6A0000DE1EF /* SelectedCategoryAction.swift in Sources */,
				A3D9DF002201B24300BCCAF4 /* Statistics.swift in Sources */,
				A31BFC9421F667F9003214C2 /* AppCoordinatorSubscriber.swift in Sources */,
				A3AE4A2721F74EF3007A97AB /* LoggingProxy.swift in Sources */,
				A35027241F9B667400E2F4B0 /* MuscleStatisticViewController.swift in Sources */,
				A320B9182201B96900FFFA40 /* SettingsTableViewDataSource.swift in Sources */,
				A39C2A191F913B1400AFF8C6 /* DefaultExercises.swift in Sources */,
				A320B9222201CC5B00FFFA40 /* SettingsYourDataTableViewCell.swift in Sources */,
				A3A09C161F91003400CD01AF /* Exercise.swift in Sources */,
				A3A09C241F91185800CD01AF /* ExercisesTableViewCell.swift in Sources */,
				A31BFC8B21F66644003214C2 /* AppState.swift in Sources */,
				A35127D4220455BC007D024F /* SettingsReducer.swift in Sources */,
				A35F8AFE21FC6FE200062800 /* ExercisesCollectionViewDataSource.swift in Sources */,
				A3D9DF022201B64D00BCCAF4 /* SettingsTableViewController.swift in Sources */,
				A33F855A220324D900E971E7 /* LicensesViewController.swift in Sources */,
				A308E26321F79AB9001D2FE8 /* UpdateTabBarPositionAction.swift in Sources */,
				A353A5BC1F915B24006B9E2C /* MyWorkoutDelegate.swift in Sources */,
				A355C4941F9B9B2F00F2350B /* ExerciseStatisticExerciseDataSource.swift in Sources */,
				A350272C1F9B689A00E2F4B0 /* ExerciseStatisticViewController.swift in Sources */,
				A39AB5301F93AAD0000B6DBF /* RearrangingDataSource.swift in Sources */,
				A3B3E9F41F98DEDC00CCC3CC /* CurrentWorkoutController.swift in Sources */,
				A353A5B81F9158D1006B9E2C /* MyWorkoutTableViewCell.swift in Sources */,
				A35AA6B1221187D500A6CD10 /* StatisticsController.swift in Sources */,
				A392B801220C5A510030FBD4 /* EditExerciseReducer.swift in Sources */,
				A35AA6AB2211857900A6CD10 /* StatisticsStatsCollectionViewCell.swift in Sources */,
				A392B7FF220C59F50030FBD4 /* EditExerciseState.swift in Sources */,
				A38266EF1F93E9B000646603 /* DetailsViewController.swift in Sources */,
				A3AE4A2221F74E0C007A97AB /* MainTabBarController.swift in Sources */,
				A391ADEB21FBA42D002A7D04 /* UIView+Extension.swift in Sources */,
				A3CD45A11F937CC000826F47 /* EditMyWorkoutController.swift in Sources */,
				A35F8B0221FC700800062800 /* ExercisesCollectionViewCell.swift in Sources */,
				A355C48E1F9B9AE000F2350B /* ExerciseStatisticCategoryDataSource.swift in Sources */,
				A31BFCA021F668BE003214C2 /* ViewBuilder.swift in Sources */,
				A3AE4A2921F74F32007A97AB /* LogginConfiguration.swift in Sources */,
				A391ADE321FB94C0002A7D04 /* ExercisesCategoryCollectionViewController.swift in Sources */,
				A38266F61F93F60C00646603 /* DetailsTableViewCell.swift in Sources */,
			);
			runOnlyForDeploymentPostprocessing = 0;
		};
/* End PBXSourcesBuildPhase section */

/* Begin PBXVariantGroup section */
		A3E0731C1F90ED320099A7B8 /* Main.storyboard */ = {
			isa = PBXVariantGroup;
			children = (
				A3E0731D1F90ED320099A7B8 /* Base */,
			);
			name = Main.storyboard;
			sourceTree = "<group>";
		};
		A3E073211F90ED320099A7B8 /* LaunchScreen.storyboard */ = {
			isa = PBXVariantGroup;
			children = (
				A3E073221F90ED320099A7B8 /* Base */,
			);
			name = LaunchScreen.storyboard;
			sourceTree = "<group>";
		};
/* End PBXVariantGroup section */

/* Begin XCBuildConfiguration section */
		A3E0733B1F90ED320099A7B8 /* Debug */ = {
			isa = XCBuildConfiguration;
			buildSettings = {
				ALWAYS_SEARCH_USER_PATHS = NO;
				CLANG_ANALYZER_NONNULL = YES;
				CLANG_ANALYZER_NUMBER_OBJECT_CONVERSION = YES_AGGRESSIVE;
				CLANG_CXX_LANGUAGE_STANDARD = "gnu++14";
				CLANG_CXX_LIBRARY = "libc++";
				CLANG_ENABLE_MODULES = YES;
				CLANG_ENABLE_OBJC_ARC = YES;
				CLANG_WARN_BLOCK_CAPTURE_AUTORELEASING = YES;
				CLANG_WARN_BOOL_CONVERSION = YES;
				CLANG_WARN_COMMA = YES;
				CLANG_WARN_CONSTANT_CONVERSION = YES;
				CLANG_WARN_DEPRECATED_OBJC_IMPLEMENTATIONS = YES;
				CLANG_WARN_DIRECT_OBJC_ISA_USAGE = YES_ERROR;
				CLANG_WARN_DOCUMENTATION_COMMENTS = YES;
				CLANG_WARN_EMPTY_BODY = YES;
				CLANG_WARN_ENUM_CONVERSION = YES;
				CLANG_WARN_INFINITE_RECURSION = YES;
				CLANG_WARN_INT_CONVERSION = YES;
				CLANG_WARN_NON_LITERAL_NULL_CONVERSION = YES;
				CLANG_WARN_OBJC_IMPLICIT_RETAIN_SELF = YES;
				CLANG_WARN_OBJC_LITERAL_CONVERSION = YES;
				CLANG_WARN_OBJC_ROOT_CLASS = YES_ERROR;
				CLANG_WARN_RANGE_LOOP_ANALYSIS = YES;
				CLANG_WARN_STRICT_PROTOTYPES = YES;
				CLANG_WARN_SUSPICIOUS_MOVE = YES;
				CLANG_WARN_UNGUARDED_AVAILABILITY = YES_AGGRESSIVE;
				CLANG_WARN_UNREACHABLE_CODE = YES;
				CLANG_WARN__DUPLICATE_METHOD_MATCH = YES;
				CODE_SIGN_IDENTITY = "iPhone Developer";
				COPY_PHASE_STRIP = NO;
				DEBUG_INFORMATION_FORMAT = dwarf;
				ENABLE_STRICT_OBJC_MSGSEND = YES;
				ENABLE_TESTABILITY = YES;
				GCC_C_LANGUAGE_STANDARD = gnu11;
				GCC_DYNAMIC_NO_PIC = NO;
				GCC_NO_COMMON_BLOCKS = YES;
				GCC_OPTIMIZATION_LEVEL = 0;
				GCC_PREPROCESSOR_DEFINITIONS = (
					"DEBUG=1",
					"$(inherited)",
				);
				GCC_WARN_64_TO_32_BIT_CONVERSION = YES;
				GCC_WARN_ABOUT_RETURN_TYPE = YES_ERROR;
				GCC_WARN_UNDECLARED_SELECTOR = YES;
				GCC_WARN_UNINITIALIZED_AUTOS = YES_AGGRESSIVE;
				GCC_WARN_UNUSED_FUNCTION = YES;
				GCC_WARN_UNUSED_VARIABLE = YES;
				IPHONEOS_DEPLOYMENT_TARGET = 11.0;
				MTL_ENABLE_DEBUG_INFO = YES;
				ONLY_ACTIVE_ARCH = YES;
				SDKROOT = iphoneos;
				SWIFT_ACTIVE_COMPILATION_CONDITIONS = DEBUG;
				SWIFT_OPTIMIZATION_LEVEL = "-Onone";
			};
			name = Debug;
		};
		A3E0733C1F90ED320099A7B8 /* Release */ = {
			isa = XCBuildConfiguration;
			buildSettings = {
				ALWAYS_SEARCH_USER_PATHS = NO;
				CLANG_ANALYZER_NONNULL = YES;
				CLANG_ANALYZER_NUMBER_OBJECT_CONVERSION = YES_AGGRESSIVE;
				CLANG_CXX_LANGUAGE_STANDARD = "gnu++14";
				CLANG_CXX_LIBRARY = "libc++";
				CLANG_ENABLE_MODULES = YES;
				CLANG_ENABLE_OBJC_ARC = YES;
				CLANG_WARN_BLOCK_CAPTURE_AUTORELEASING = YES;
				CLANG_WARN_BOOL_CONVERSION = YES;
				CLANG_WARN_COMMA = YES;
				CLANG_WARN_CONSTANT_CONVERSION = YES;
				CLANG_WARN_DEPRECATED_OBJC_IMPLEMENTATIONS = YES;
				CLANG_WARN_DIRECT_OBJC_ISA_USAGE = YES_ERROR;
				CLANG_WARN_DOCUMENTATION_COMMENTS = YES;
				CLANG_WARN_EMPTY_BODY = YES;
				CLANG_WARN_ENUM_CONVERSION = YES;
				CLANG_WARN_INFINITE_RECURSION = YES;
				CLANG_WARN_INT_CONVERSION = YES;
				CLANG_WARN_NON_LITERAL_NULL_CONVERSION = YES;
				CLANG_WARN_OBJC_IMPLICIT_RETAIN_SELF = YES;
				CLANG_WARN_OBJC_LITERAL_CONVERSION = YES;
				CLANG_WARN_OBJC_ROOT_CLASS = YES_ERROR;
				CLANG_WARN_RANGE_LOOP_ANALYSIS = YES;
				CLANG_WARN_STRICT_PROTOTYPES = YES;
				CLANG_WARN_SUSPICIOUS_MOVE = YES;
				CLANG_WARN_UNGUARDED_AVAILABILITY = YES_AGGRESSIVE;
				CLANG_WARN_UNREACHABLE_CODE = YES;
				CLANG_WARN__DUPLICATE_METHOD_MATCH = YES;
				CODE_SIGN_IDENTITY = "iPhone Developer";
				COPY_PHASE_STRIP = NO;
				DEBUG_INFORMATION_FORMAT = "dwarf-with-dsym";
				ENABLE_NS_ASSERTIONS = NO;
				ENABLE_STRICT_OBJC_MSGSEND = YES;
				GCC_C_LANGUAGE_STANDARD = gnu11;
				GCC_NO_COMMON_BLOCKS = YES;
				GCC_WARN_64_TO_32_BIT_CONVERSION = YES;
				GCC_WARN_ABOUT_RETURN_TYPE = YES_ERROR;
				GCC_WARN_UNDECLARED_SELECTOR = YES;
				GCC_WARN_UNINITIALIZED_AUTOS = YES_AGGRESSIVE;
				GCC_WARN_UNUSED_FUNCTION = YES;
				GCC_WARN_UNUSED_VARIABLE = YES;
				IPHONEOS_DEPLOYMENT_TARGET = 11.0;
				MTL_ENABLE_DEBUG_INFO = NO;
				SDKROOT = iphoneos;
				SWIFT_OPTIMIZATION_LEVEL = "-Owholemodule";
				VALIDATE_PRODUCT = YES;
			};
			name = Release;
		};
		A3E0733E1F90ED320099A7B8 /* Debug */ = {
			isa = XCBuildConfiguration;
			baseConfigurationReference = 5BD75296C03712E055F7582B /* Pods-NoRest.debug.xcconfig */;
			buildSettings = {
				ASSETCATALOG_COMPILER_APPICON_NAME = AppIcon;
				CODE_SIGN_STYLE = Automatic;
				DEVELOPMENT_TEAM = 6C2B5VUSRK;
				INFOPLIST_FILE = "$(SRCROOT)/NoRest/Info.plist";
				IPHONEOS_DEPLOYMENT_TARGET = 10.3;
				LD_RUNPATH_SEARCH_PATHS = "$(inherited) @executable_path/Frameworks";
				PRODUCT_BUNDLE_IDENTIFIER = de.patrickniepel.Push;
				PRODUCT_NAME = "$(TARGET_NAME)";
				SWIFT_VERSION = 4.2;
				TARGETED_DEVICE_FAMILY = 1;
			};
			name = Debug;
		};
		A3E0733F1F90ED320099A7B8 /* Release */ = {
			isa = XCBuildConfiguration;
			baseConfigurationReference = 400F63A16B15D6C359D2E20D /* Pods-NoRest.release.xcconfig */;
			buildSettings = {
				ASSETCATALOG_COMPILER_APPICON_NAME = AppIcon;
				CODE_SIGN_STYLE = Automatic;
				DEVELOPMENT_TEAM = 6C2B5VUSRK;
				INFOPLIST_FILE = "$(SRCROOT)/NoRest/Info.plist";
				IPHONEOS_DEPLOYMENT_TARGET = 10.3;
				LD_RUNPATH_SEARCH_PATHS = "$(inherited) @executable_path/Frameworks";
				PRODUCT_BUNDLE_IDENTIFIER = de.patrickniepel.Push;
				PRODUCT_NAME = "$(TARGET_NAME)";
				SWIFT_VERSION = 4.2;
				TARGETED_DEVICE_FAMILY = 1;
			};
			name = Release;
		};
/* End XCBuildConfiguration section */

/* Begin XCConfigurationList section */
		A3E073101F90ED310099A7B8 /* Build configuration list for PBXProject "NoRest" */ = {
			isa = XCConfigurationList;
			buildConfigurations = (
				A3E0733B1F90ED320099A7B8 /* Debug */,
				A3E0733C1F90ED320099A7B8 /* Release */,
			);
			defaultConfigurationIsVisible = 0;
			defaultConfigurationName = Release;
		};
		A3E0733D1F90ED320099A7B8 /* Build configuration list for PBXNativeTarget "NoRest" */ = {
			isa = XCConfigurationList;
			buildConfigurations = (
				A3E0733E1F90ED320099A7B8 /* Debug */,
				A3E0733F1F90ED320099A7B8 /* Release */,
			);
			defaultConfigurationIsVisible = 0;
			defaultConfigurationName = Release;
		};
/* End XCConfigurationList section */
	};
	rootObject = A3E0730D1F90ED310099A7B8 /* Project object */;
}
